// !$*UTF8*$!
{
	archiveVersion = 1;
	classes = {
	};
	objectVersion = 46;
	objects = {

/* Begin PBXBuildFile section */
		124055741D80D738000CFA40 /* AppDelegate.swift in Sources */ = {isa = PBXBuildFile; fileRef = 124055731D80D738000CFA40 /* AppDelegate.swift */; };
		124055761D80D738000CFA40 /* ViewController.swift in Sources */ = {isa = PBXBuildFile; fileRef = 124055751D80D738000CFA40 /* ViewController.swift */; };
		124055791D80D738000CFA40 /* Main.storyboard in Resources */ = {isa = PBXBuildFile; fileRef = 124055771D80D738000CFA40 /* Main.storyboard */; };
		1240557B1D80D738000CFA40 /* Assets.xcassets in Resources */ = {isa = PBXBuildFile; fileRef = 1240557A1D80D738000CFA40 /* Assets.xcassets */; };
		1240557E1D80D738000CFA40 /* LaunchScreen.storyboard in Resources */ = {isa = PBXBuildFile; fileRef = 1240557C1D80D738000CFA40 /* LaunchScreen.storyboard */; };
/* End PBXBuildFile section */

/* Begin PBXFileReference section */
		124055701D80D738000CFA40 /* TrySwift.app */ = {isa = PBXFileReference; explicitFileType = wrapper.application; includeInIndex = 0; path = TrySwift.app; sourceTree = BUILT_PRODUCTS_DIR; };
		124055731D80D738000CFA40 /* AppDelegate.swift */ = {isa = PBXFileReference; lastKnownFileType = sourcecode.swift; path = AppDelegate.swift; sourceTree = "<group>"; };
		124055751D80D738000CFA40 /* ViewController.swift */ = {isa = PBXFileReference; lastKnownFileType = sourcecode.swift; path = ViewController.swift; sourceTree = "<group>"; };
		124055781D80D738000CFA40 /* Base */ = {isa = PBXFileReference; lastKnownFileType = file.storyboard; name = Base; path = Base.lproj/Main.storyboard; sourceTree = "<group>"; };
		1240557A1D80D738000CFA40 /* Assets.xcassets */ = {isa = PBXFileReference; lastKnownFileType = folder.assetcatalog; path = Assets.xcassets; sourceTree = "<group>"; };
		1240557D1D80D738000CFA40 /* Base */ = {isa = PBXFileReference; lastKnownFileType = file.storyboard; name = Base; path = Base.lproj/LaunchScreen.storyboard; sourceTree = "<group>"; };
		1240557F1D80D738000CFA40 /* Info.plist */ = {isa = PBXFileReference; lastKnownFileType = text.plist.xml; path = Info.plist; sourceTree = "<group>"; };
/* End PBXFileReference section */

/* Begin PBXFrameworksBuildPhase section */
		1240556D1D80D737000CFA40 /* Frameworks */ = {
			isa = PBXFrameworksBuildPhase;
			buildActionMask = 2147483647;
			files = (
			);
			runOnlyForDeploymentPostprocessing = 0;
		};
/* End PBXFrameworksBuildPhase section */

/* Begin PBXGroup section */
		124055671D80D737000CFA40 = {
			isa = PBXGroup;
			children = (
				124055721D80D738000CFA40 /* TrySwift */,
				124055711D80D738000CFA40 /* Products */,
			);
			sourceTree = "<group>";
		};
		124055711D80D738000CFA40 /* Products */ = {
			isa = PBXGroup;
			children = (
				124055701D80D738000CFA40 /* TrySwift.app */,
			);
			name = Products;
			sourceTree = "<group>";
		};
		124055721D80D738000CFA40 /* TrySwift */ = {
			isa = PBXGroup;
			children = (
				124055731D80D738000CFA40 /* AppDelegate.swift */,
				124055751D80D738000CFA40 /* ViewController.swift */,
				124055771D80D738000CFA40 /* Main.storyboard */,
				1240557A1D80D738000CFA40 /* Assets.xcassets */,
				1240557C1D80D738000CFA40 /* LaunchScreen.storyboard */,
				1240557F1D80D738000CFA40 /* Info.plist */,
			);
			path = TrySwift;
			sourceTree = "<group>";
		};
/* End PBXGroup section */

/* Begin PBXNativeTarget section */
		1240556F1D80D737000CFA40 /* TrySwift */ = {
			isa = PBXNativeTarget;
			buildConfigurationList = 124055821D80D738000CFA40 /* Build configuration list for PBXNativeTarget "TrySwift" */;
			buildPhases = (
				1240556C1D80D737000CFA40 /* Sources */,
				1240556D1D80D737000CFA40 /* Frameworks */,
				1240556E1D80D737000CFA40 /* Resources */,
			);
			buildRules = (
			);
			dependencies = (
			);
			name = TrySwift;
			productName = TrySwift;
			productReference = 124055701D80D738000CFA40 /* TrySwift.app */;
			productType = "com.apple.product-type.application";
		};
/* End PBXNativeTarget section */

/* Begin PBXProject section */
		124055681D80D737000CFA40 /* Project object */ = {
			isa = PBXProject;
			attributes = {
				LastSwiftUpdateCheck = 0730;
				LastUpgradeCheck = 0730;
				ORGANIZATIONNAME = "Naoki Tsutsui";
				TargetAttributes = {
					1240556F1D80D737000CFA40 = {
						CreatedOnToolsVersion = 7.3.1;
					};
				};
			};
			buildConfigurationList = 1240556B1D80D737000CFA40 /* Build configuration list for PBXProject "TrySwift" */;
			compatibilityVersion = "Xcode 3.2";
			developmentRegion = English;
			hasScannedForEncodings = 0;
			knownRegions = (
				en,
				Base,
			);
			mainGroup = 124055671D80D737000CFA40;
			productRefGroup = 124055711D80D738000CFA40 /* Products */;
			projectDirPath = "";
			projectRoot = "";
			targets = (
				1240556F1D80D737000CFA40 /* TrySwift */,
			);
		};
/* End PBXProject section */

/* Begin PBXResourcesBuildPhase section */
		1240556E1D80D737000CFA40 /* Resources */ = {
			isa = PBXResourcesBuildPhase;
			buildActionMask = 2147483647;
			files = (
				1240557E1D80D738000CFA40 /* LaunchScreen.storyboard in Resources */,
				1240557B1D80D738000CFA40 /* Assets.xcassets in Resources */,
				124055791D80D738000CFA40 /* Main.storyboard in Resources */,
			);
			runOnlyForDeploymentPostprocessing = 0;
		};
/* End PBXResourcesBuildPhase section */

/* Begin PBXSourcesBuildPhase section */
		1240556C1D80D737000CFA40 /* Sources */ = {
			isa = PBXSourcesBuildPhase;
			buildActionMask = 2147483647;
			files = (
				124055761D80D738000CFA40 /* ViewController.swift in Sources */,
				124055741D80D738000CFA40 /* AppDelegate.swift in Sources */,
			);
			runOnlyForDeploymentPostprocessing = 0;
		};
/* End PBXSourcesBuildPhase section */

/* Begin PBXVariantGroup section */
		124055771D80D738000CFA40 /* Main.storyboard */ = {
			isa = PBXVariantGroup;
			children = (
				124055781D80D738000CFA40 /* Base */,
			);
			name = Main.storyboard;
			sourceTree = "<group>";
		};
		1240557C1D80D738000CFA40 /* LaunchScreen.storyboard */ = {
			isa = PBXVariantGroup;
			children = (
				1240557D1D80D738000CFA40 /* Base */,
			);
			name = LaunchScreen.storyboard;
			sourceTree = "<group>";
		};
/* End PBXVariantGroup section */

/* Begin XCBuildConfiguration section */
		124055801D80D738000CFA40 /* Debug */ = {
			isa = XCBuildConfiguration;
			buildSettings = {
				ALWAYS_SEARCH_USER_PATHS = NO;
				CLANG_ANALYZER_NONNULL = YES;
				CLANG_CXX_LANGUAGE_STANDARD = "gnu++0x";
				CLANG_CXX_LIBRARY = "libc++";
				CLANG_ENABLE_MODULES = YES;
				CLANG_ENABLE_OBJC_ARC = YES;
				CLANG_WARN_BOOL_CONVERSION = YES;
				CLANG_WARN_CONSTANT_CONVERSION = YES;
				CLANG_WARN_DIRECT_OBJC_ISA_USAGE = YES_ERROR;
				CLANG_WARN_EMPTY_BODY = YES;
				CLANG_WARN_ENUM_CONVERSION = YES;
				CLANG_WARN_INT_CONVERSION = YES;
				CLANG_WARN_OBJC_ROOT_CLASS = YES_ERROR;
				CLANG_WARN_UNREACHABLE_CODE = YES;
				CLANG_WARN__DUPLICATE_METHOD_MATCH = YES;
				"CODE_SIGN_IDENTITY[sdk=iphoneos*]" = "iPhone Developer";
				COPY_PHASE_STRIP = NO;
				DEBUG_INFORMATION_FORMAT = dwarf;
				ENABLE_STRICT_OBJC_MSGSEND = YES;
				ENABLE_TESTABILITY = YES;
				GCC_C_LANGUAGE_STANDARD = gnu99;
				GCC_DYNAMIC_NO_PIC = NO;
				GCC_NO_COMMON_BLOCKS = YES;
				GCC_OPTIMIZATION_LEVEL = 0;
				GCC_PREPROCESSOR_DEFINITIONS = (
					"DEBUG=1",
					"$(inherited)",
				);
				GCC_WARN_64_TO_32_BIT_CONVERSION = YES;
				GCC_WARN_ABOUT_RETURN_TYPE = YES_ERROR;
				GCC_WARN_UNDECLARED_SELECTOR = YES;
				GCC_WARN_UNINITIALIZED_AUTOS = YES_AGGRESSIVE;
				GCC_WARN_UNUSED_FUNCTION = YES;
				GCC_WARN_UNUSED_VARIABLE = YES;
				IPHONEOS_DEPLOYMENT_TARGET = 9.3;
				MTL_ENABLE_DEBUG_INFO = YES;
				ONLY_ACTIVE_ARCH = YES;
				SDKROOT = iphoneos;
				SWIFT_OPTIMIZATION_LEVEL = "-Onone";
			};
			name = Debug;
		};
		124055811D80D738000CFA40 /* Release */ = {
			isa = XCBuildConfiguration;
			buildSettings = {
				ALWAYS_SEARCH_USER_PATHS = NO;
				CLANG_ANALYZER_NONNULL = YES;
				CLANG_CXX_LANGUAGE_STANDARD = "gnu++0x";
				CLANG_CXX_LIBRARY = "libc++";
				CLANG_ENABLE_MODULES = YES;
				CLANG_ENABLE_OBJC_ARC = YES;
				CLANG_WARN_BOOL_CONVERSION = YES;
				CLANG_WARN_CONSTANT_CONVERSION = YES;
				CLANG_WARN_DIRECT_OBJC_ISA_USAGE = YES_ERROR;
				CLANG_WARN_EMPTY_BODY = YES;
				CLANG_WARN_ENUM_CONVERSION = YES;
				CLANG_WARN_INT_CONVERSION = YES;
				CLANG_WARN_OBJC_ROOT_CLASS = YES_ERROR;
				CLANG_WARN_UNREACHABLE_CODE = YES;
				CLANG_WARN__DUPLICATE_METHOD_MATCH = YES;
				"CODE_SIGN_IDENTITY[sdk=iphoneos*]" = "iPhone Developer";
				COPY_PHASE_STRIP = NO;
				DEBUG_INFORMATION_FORMAT = "dwarf-with-dsym";
				ENABLE_NS_ASSERTIONS = NO;
				ENABLE_STRICT_OBJC_MSGSEND = YES;
				GCC_C_LANGUAGE_STANDARD = gnu99;
				GCC_NO_COMMON_BLOCKS = YES;
				GCC_WARN_64_TO_32_BIT_CONVERSION = YES;
				GCC_WARN_ABOUT_RETURN_TYPE = YES_ERROR;
				GCC_WARN_UNDECLARED_SELECTOR = YES;
				GCC_WARN_UNINITIALIZED_AUTOS = YES_AGGRESSIVE;
				GCC_WARN_UNUSED_FUNCTION = YES;
				GCC_WARN_UNUSED_VARIABLE = YES;
				IPHONEOS_DEPLOYMENT_TARGET = 9.3;
				MTL_ENABLE_DEBUG_INFO = NO;
				SDKROOT = iphoneos;
				VALIDATE_PRODUCT = YES;
			};
			name = Release;
		};
		124055831D80D738000CFA40 /* Debug */ = {
			isa = XCBuildConfiguration;
			buildSettings = {
				ASSETCATALOG_COMPILER_APPICON_NAME = AppIcon;
				INFOPLIST_FILE = TrySwift/Info.plist;
				LD_RUNPATH_SEARCH_PATHS = "$(inherited) @executable_path/Frameworks";
				PRODUCT_BUNDLE_IDENTIFIER = com.nkapp.TrySwift;
				PRODUCT_NAME = "$(TARGET_NAME)";
			};
			name = Debug;
		};
		124055841D80D738000CFA40 /* Release */ = {
			isa = XCBuildConfiguration;
			buildSettings = {
				ASSETCATALOG_COMPILER_APPICON_NAME = AppIcon;
				INFOPLIST_FILE = TrySwift/Info.plist;
				LD_RUNPATH_SEARCH_PATHS = "$(inherited) @executable_path/Frameworks";
				PRODUCT_BUNDLE_IDENTIFIER = com.nkapp.TrySwift;
				PRODUCT_NAME = "$(TARGET_NAME)";
			};
			name = Release;
		};
/* End XCBuildConfiguration section */

/* Begin XCConfigurationList section */
		1240556B1D80D737000CFA40 /* Build configuration list for PBXProject "TrySwift" */ = {
			isa = XCConfigurationList;
			buildConfigurations = (
				124055801D80D738000CFA40 /* Debug */,
				124055811D80D738000CFA40 /* Release */,
			);
			defaultConfigurationIsVisible = 0;
			defaultConfigurationName = Release;
		};
		124055821D80D738000CFA40 /* Build configuration list for PBXNativeTarget "TrySwift" */ = {
			isa = XCConfigurationList;
			buildConfigurations = (
				124055831D80D738000CFA40 /* Debug */,
				124055841D80D738000CFA40 /* Release */,
			);
			defaultConfigurationIsVisible = 0;
		};
/* End XCConfigurationList section */
	};
	rootObject = 124055681D80D737000CFA40 /* Project object */;
}
