// !$*UTF8*$!
{
	archiveVersion = 1;
	classes = {
	};
	objectVersion = 46;
	objects = {

/* Begin PBXBuildFile section */
		121DCB4C1C4F8004001CD3E1 /* ScreenSaverDemoView.h in Headers */ = {isa = PBXBuildFile; fileRef = 121DCB4B1C4F8004001CD3E1 /* ScreenSaverDemoView.h */; };
		121DCB4E1C4F8004001CD3E1 /* ScreenSaverDemoView.m in Sources */ = {isa = PBXBuildFile; fileRef = 121DCB4D1C4F8004001CD3E1 /* ScreenSaverDemoView.m */; };
/* End PBXBuildFile section */

/* Begin PBXFileReference section */
		121DCB481C4F8003001CD3E1 /* ScreenSaverDemo.saver */ = {isa = PBXFileReference; explicitFileType = wrapper.cfbundle; includeInIndex = 0; path = ScreenSaverDemo.saver; sourceTree = BUILT_PRODUCTS_DIR; };
		121DCB4B1C4F8004001CD3E1 /* ScreenSaverDemoView.h */ = {isa = PBXFileReference; lastKnownFileType = sourcecode.c.h; path = ScreenSaverDemoView.h; sourceTree = "<group>"; };
		121DCB4D1C4F8004001CD3E1 /* ScreenSaverDemoView.m */ = {isa = PBXFileReference; lastKnownFileType = sourcecode.c.objc; path = ScreenSaverDemoView.m; sourceTree = "<group>"; };
		121DCB4F1C4F8004001CD3E1 /* Info.plist */ = {isa = PBXFileReference; lastKnownFileType = text.plist.xml; path = Info.plist; sourceTree = "<group>"; };
/* End PBXFileReference section */

/* Begin PBXFrameworksBuildPhase section */
		121DCB441C4F8003001CD3E1 /* Frameworks */ = {
			isa = PBXFrameworksBuildPhase;
			buildActionMask = 2147483647;
			files = (
			);
			runOnlyForDeploymentPostprocessing = 0;
		};
/* End PBXFrameworksBuildPhase section */

/* Begin PBXGroup section */
		121DCB3E1C4F8003001CD3E1 = {
			isa = PBXGroup;
			children = (
				121DCB4A1C4F8003001CD3E1 /* ScreenSaverDemo */,
				121DCB491C4F8003001CD3E1 /* Products */,
			);
			sourceTree = "<group>";
		};
		121DCB491C4F8003001CD3E1 /* Products */ = {
			isa = PBXGroup;
			children = (
				121DCB481C4F8003001CD3E1 /* ScreenSaverDemo.saver */,
			);
			name = Products;
			sourceTree = "<group>";
		};
		121DCB4A1C4F8003001CD3E1 /* ScreenSaverDemo */ = {
			isa = PBXGroup;
			children = (
				121DCB4B1C4F8004001CD3E1 /* ScreenSaverDemoView.h */,
				121DCB4D1C4F8004001CD3E1 /* ScreenSaverDemoView.m */,
				121DCB4F1C4F8004001CD3E1 /* Info.plist */,
			);
			path = ScreenSaverDemo;
			sourceTree = "<group>";
		};
/* End PBXGroup section */

/* Begin PBXHeadersBuildPhase section */
		121DCB451C4F8003001CD3E1 /* Headers */ = {
			isa = PBXHeadersBuildPhase;
			buildActionMask = 2147483647;
			files = (
				121DCB4C1C4F8004001CD3E1 /* ScreenSaverDemoView.h in Headers */,
			);
			runOnlyForDeploymentPostprocessing = 0;
		};
/* End PBXHeadersBuildPhase section */

/* Begin PBXNativeTarget section */
		121DCB471C4F8003001CD3E1 /* ScreenSaverDemo */ = {
			isa = PBXNativeTarget;
			buildConfigurationList = 121DCB521C4F8004001CD3E1 /* Build configuration list for PBXNativeTarget "ScreenSaverDemo" */;
			buildPhases = (
				121DCB431C4F8003001CD3E1 /* Sources */,
				121DCB441C4F8003001CD3E1 /* Frameworks */,
				121DCB451C4F8003001CD3E1 /* Headers */,
				121DCB461C4F8003001CD3E1 /* Resources */,
			);
			buildRules = (
			);
			dependencies = (
			);
			name = ScreenSaverDemo;
			productName = ScreenSaverDemo;
			productReference = 121DCB481C4F8003001CD3E1 /* ScreenSaverDemo.saver */;
			productType = "com.apple.product-type.bundle";
		};
/* End PBXNativeTarget section */

/* Begin PBXProject section */
		121DCB3F1C4F8003001CD3E1 /* Project object */ = {
			isa = PBXProject;
			attributes = {
				LastUpgradeCheck = 0720;
				ORGANIZATIONNAME = "Naoki Tsutsui";
				TargetAttributes = {
					121DCB471C4F8003001CD3E1 = {
						CreatedOnToolsVersion = 7.2;
					};
				};
			};
			buildConfigurationList = 121DCB421C4F8003001CD3E1 /* Build configuration list for PBXProject "ScreenSaverDemo" */;
			compatibilityVersion = "Xcode 3.2";
			developmentRegion = English;
			hasScannedForEncodings = 0;
			knownRegions = (
				en,
			);
			mainGroup = 121DCB3E1C4F8003001CD3E1;
			productRefGroup = 121DCB491C4F8003001CD3E1 /* Products */;
			projectDirPath = "";
			projectRoot = "";
			targets = (
				121DCB471C4F8003001CD3E1 /* ScreenSaverDemo */,
			);
		};
/* End PBXProject section */

/* Begin PBXResourcesBuildPhase section */
		121DCB461C4F8003001CD3E1 /* Resources */ = {
			isa = PBXResourcesBuildPhase;
			buildActionMask = 2147483647;
			files = (
			);
			runOnlyForDeploymentPostprocessing = 0;
		};
/* End PBXResourcesBuildPhase section */

/* Begin PBXSourcesBuildPhase section */
		121DCB431C4F8003001CD3E1 /* Sources */ = {
			isa = PBXSourcesBuildPhase;
			buildActionMask = 2147483647;
			files = (
				121DCB4E1C4F8004001CD3E1 /* ScreenSaverDemoView.m in Sources */,
			);
			runOnlyForDeploymentPostprocessing = 0;
		};
/* End PBXSourcesBuildPhase section */

/* Begin XCBuildConfiguration section */
		121DCB501C4F8004001CD3E1 /* Debug */ = {
			isa = XCBuildConfiguration;
			buildSettings = {
				ALWAYS_SEARCH_USER_PATHS = NO;
				CLANG_CXX_LANGUAGE_STANDARD = "gnu++0x";
				CLANG_CXX_LIBRARY = "libc++";
				CLANG_ENABLE_MODULES = YES;
				CLANG_ENABLE_OBJC_ARC = YES;
				CLANG_WARN_BOOL_CONVERSION = YES;
				CLANG_WARN_CONSTANT_CONVERSION = YES;
				CLANG_WARN_DIRECT_OBJC_ISA_USAGE = YES_ERROR;
				CLANG_WARN_EMPTY_BODY = YES;
				CLANG_WARN_ENUM_CONVERSION = YES;
				CLANG_WARN_INT_CONVERSION = YES;
				CLANG_WARN_OBJC_ROOT_CLASS = YES_ERROR;
				CLANG_WARN_UNREACHABLE_CODE = YES;
				CLANG_WARN__DUPLICATE_METHOD_MATCH = YES;
				CODE_SIGN_IDENTITY = "-";
				COPY_PHASE_STRIP = NO;
				DEBUG_INFORMATION_FORMAT = dwarf;
				ENABLE_STRICT_OBJC_MSGSEND = YES;
				ENABLE_TESTABILITY = YES;
				GCC_C_LANGUAGE_STANDARD = gnu99;
				GCC_DYNAMIC_NO_PIC = NO;
				GCC_NO_COMMON_BLOCKS = YES;
				GCC_OPTIMIZATION_LEVEL = 0;
				GCC_PREPROCESSOR_DEFINITIONS = (
					"DEBUG=1",
					"$(inherited)",
				);
				GCC_WARN_64_TO_32_BIT_CONVERSION = YES;
				GCC_WARN_ABOUT_RETURN_TYPE = YES_ERROR;
				GCC_WARN_UNDECLARED_SELECTOR = YES;
				GCC_WARN_UNINITIALIZED_AUTOS = YES_AGGRESSIVE;
				GCC_WARN_UNUSED_FUNCTION = YES;
				GCC_WARN_UNUSED_VARIABLE = YES;
				MACOSX_DEPLOYMENT_TARGET = 10.11;
				MTL_ENABLE_DEBUG_INFO = YES;
				ONLY_ACTIVE_ARCH = YES;
				SDKROOT = macosx;
			};
			name = Debug;
		};
		121DCB511C4F8004001CD3E1 /* Release */ = {
			isa = XCBuildConfiguration;
			buildSettings = {
				ALWAYS_SEARCH_USER_PATHS = NO;
				CLANG_CXX_LANGUAGE_STANDARD = "gnu++0x";
				CLANG_CXX_LIBRARY = "libc++";
				CLANG_ENABLE_MODULES = YES;
				CLANG_ENABLE_OBJC_ARC = YES;
				CLANG_WARN_BOOL_CONVERSION = YES;
				CLANG_WARN_CONSTANT_CONVERSION = YES;
				CLANG_WARN_DIRECT_OBJC_ISA_USAGE = YES_ERROR;
				CLANG_WARN_EMPTY_BODY = YES;
				CLANG_WARN_ENUM_CONVERSION = YES;
				CLANG_WARN_INT_CONVERSION = YES;
				CLANG_WARN_OBJC_ROOT_CLASS = YES_ERROR;
				CLANG_WARN_UNREACHABLE_CODE = YES;
				CLANG_WARN__DUPLICATE_METHOD_MATCH = YES;
				CODE_SIGN_IDENTITY = "-";
				COPY_PHASE_STRIP = NO;
				DEBUG_INFORMATION_FORMAT = "dwarf-with-dsym";
				ENABLE_NS_ASSERTIONS = NO;
				ENABLE_STRICT_OBJC_MSGSEND = YES;
				GCC_C_LANGUAGE_STANDARD = gnu99;
				GCC_NO_COMMON_BLOCKS = YES;
				GCC_WARN_64_TO_32_BIT_CONVERSION = YES;
				GCC_WARN_ABOUT_RETURN_TYPE = YES_ERROR;
				GCC_WARN_UNDECLARED_SELECTOR = YES;
				GCC_WARN_UNINITIALIZED_AUTOS = YES_AGGRESSIVE;
				GCC_WARN_UNUSED_FUNCTION = YES;
				GCC_WARN_UNUSED_VARIABLE = YES;
				MACOSX_DEPLOYMENT_TARGET = 10.11;
				MTL_ENABLE_DEBUG_INFO = NO;
				SDKROOT = macosx;
			};
			name = Release;
		};
		121DCB531C4F8004001CD3E1 /* Debug */ = {
			isa = XCBuildConfiguration;
			buildSettings = {
				COMBINE_HIDPI_IMAGES = YES;
				INFOPLIST_FILE = ScreenSaverDemo/Info.plist;
				INSTALL_PATH = "$(HOME)/Library/Screen Savers";
				PRODUCT_BUNDLE_IDENTIFIER = com.nkapp.ScreenSaverDemo;
				PRODUCT_NAME = "$(TARGET_NAME)";
				WRAPPER_EXTENSION = saver;
			};
			name = Debug;
		};
		121DCB541C4F8004001CD3E1 /* Release */ = {
			isa = XCBuildConfiguration;
			buildSettings = {
				COMBINE_HIDPI_IMAGES = YES;
				INFOPLIST_FILE = ScreenSaverDemo/Info.plist;
				INSTALL_PATH = "$(HOME)/Library/Screen Savers";
				PRODUCT_BUNDLE_IDENTIFIER = com.nkapp.ScreenSaverDemo;
				PRODUCT_NAME = "$(TARGET_NAME)";
				WRAPPER_EXTENSION = saver;
			};
			name = Release;
		};
/* End XCBuildConfiguration section */

/* Begin XCConfigurationList section */
		121DCB421C4F8003001CD3E1 /* Build configuration list for PBXProject "ScreenSaverDemo" */ = {
			isa = XCConfigurationList;
			buildConfigurations = (
				121DCB501C4F8004001CD3E1 /* Debug */,
				121DCB511C4F8004001CD3E1 /* Release */,
			);
			defaultConfigurationIsVisible = 0;
			defaultConfigurationName = Release;
		};
		121DCB521C4F8004001CD3E1 /* Build configuration list for PBXNativeTarget "ScreenSaverDemo" */ = {
			isa = XCConfigurationList;
			buildConfigurations = (
				121DCB531C4F8004001CD3E1 /* Debug */,
				121DCB541C4F8004001CD3E1 /* Release */,
			);
			defaultConfigurationIsVisible = 0;
		};
/* End XCConfigurationList section */
	};
	rootObject = 121DCB3F1C4F8003001CD3E1 /* Project object */;
}
