PODS:
  - Bolts (1.6.0):
    - Bolts/AppLinks (= 1.6.0)
    - Bolts/Tasks (= 1.6.0)
  - Bolts/AppLinks (1.6.0):
    - Bolts/Tasks
  - Bolts/Tasks (1.6.0)
  - Crashlytics (3.7.0):
    - Fabric (~> 1.6.3)
  - Fabric (1.6.6)
  - FBSDKCoreKit (4.10.0):
    - Bolts (~> 1.5)
  - FBSDKLoginKit (4.10.0):
    - FBSDKCoreKit
  - FBSDKShareKit (4.10.0):
    - FBSDKCoreKit
  - GoogleAnalytics (3.14.0)
  - TwitterCore (1.15.1):
    - Fabric
  - TwitterKit (1.15.1):
    - TwitterCore (= 1.15.1)

DEPENDENCIES:
  - Crashlytics
  - Fabric
  - FBSDKCoreKit
  - FBSDKLoginKit
  - FBSDKShareKit
  - GoogleAnalytics
  - TwitterCore
  - TwitterKit

SPEC CHECKSUMS:
  Bolts: f52a250053bb517ca874523c3913776359ab3def
  Crashlytics: c3a2333dea9e2733d2777f730910321fc9e25c0d
  Fabric: 1abc1e59f11fa39ede6f690ef7309d8563e3ec59
  FBSDKCoreKit: 13bec8373fb3af94d44daf2aa1e0958687897fbd
  FBSDKLoginKit: d3d4a2e9d31954deb00bfea964167a05ca1ea976
  FBSDKShareKit: 54587b4624706ace1e810cf83412a918141f807a
  GoogleAnalytics: 9be1afdb8deeac4bb5f13ca7f7d3b9db2a1f43dc
  TwitterCore: 12983a7464e34afbbf18881347898a9db526ac71
  TwitterKit: b5821570887ec2d77650fa232eaec175665dc443

PODFILE CHECKSUM: 1b5500dd437954296154b9d0439e665e0ffe6186

COCOAPODS: 1.0.0.beta.4
