// !$*UTF8*$!
{
	archiveVersion = 1;
	classes = {
	};
	objectVersion = 46;
	objects = {

/* Begin PBXBuildFile section */
		12988BF81C88236600EA1EE1 /* AppDelegate.swift in Sources */ = {isa = PBXBuildFile; fileRef = 12988BF71C88236600EA1EE1 /* AppDelegate.swift */; };
		12988BFA1C88236600EA1EE1 /* ViewController.swift in Sources */ = {isa = PBXBuildFile; fileRef = 12988BF91C88236600EA1EE1 /* ViewController.swift */; };
		12988BFD1C88236600EA1EE1 /* Main.storyboard in Resources */ = {isa = PBXBuildFile; fileRef = 12988BFB1C88236600EA1EE1 /* Main.storyboard */; };
		12988BFF1C88236600EA1EE1 /* Assets.xcassets in Resources */ = {isa = PBXBuildFile; fileRef = 12988BFE1C88236600EA1EE1 /* Assets.xcassets */; };
		12988C021C88236600EA1EE1 /* LaunchScreen.storyboard in Resources */ = {isa = PBXBuildFile; fileRef = 12988C001C88236600EA1EE1 /* LaunchScreen.storyboard */; };
		12988C0A1C88414A00EA1EE1 /* MessageUI.framework in Frameworks */ = {isa = PBXBuildFile; fileRef = 12988C091C88414A00EA1EE1 /* MessageUI.framework */; };
/* End PBXBuildFile section */

/* Begin PBXFileReference section */
		12988BF41C88236600EA1EE1 /* SendSMSDemo.app */ = {isa = PBXFileReference; explicitFileType = wrapper.application; includeInIndex = 0; path = SendSMSDemo.app; sourceTree = BUILT_PRODUCTS_DIR; };
		12988BF71C88236600EA1EE1 /* AppDelegate.swift */ = {isa = PBXFileReference; lastKnownFileType = sourcecode.swift; path = AppDelegate.swift; sourceTree = "<group>"; };
		12988BF91C88236600EA1EE1 /* ViewController.swift */ = {isa = PBXFileReference; lastKnownFileType = sourcecode.swift; path = ViewController.swift; sourceTree = "<group>"; };
		12988BFC1C88236600EA1EE1 /* Base */ = {isa = PBXFileReference; lastKnownFileType = file.storyboard; name = Base; path = Base.lproj/Main.storyboard; sourceTree = "<group>"; };
		12988BFE1C88236600EA1EE1 /* Assets.xcassets */ = {isa = PBXFileReference; lastKnownFileType = folder.assetcatalog; path = Assets.xcassets; sourceTree = "<group>"; };
		12988C011C88236600EA1EE1 /* Base */ = {isa = PBXFileReference; lastKnownFileType = file.storyboard; name = Base; path = Base.lproj/LaunchScreen.storyboard; sourceTree = "<group>"; };
		12988C031C88236600EA1EE1 /* Info.plist */ = {isa = PBXFileReference; lastKnownFileType = text.plist.xml; path = Info.plist; sourceTree = "<group>"; };
		12988C091C88414A00EA1EE1 /* MessageUI.framework */ = {isa = PBXFileReference; lastKnownFileType = wrapper.framework; name = MessageUI.framework; path = System/Library/Frameworks/MessageUI.framework; sourceTree = SDKROOT; };
/* End PBXFileReference section */

/* Begin PBXFrameworksBuildPhase section */
		12988BF11C88236600EA1EE1 /* Frameworks */ = {
			isa = PBXFrameworksBuildPhase;
			buildActionMask = 2147483647;
			files = (
				12988C0A1C88414A00EA1EE1 /* MessageUI.framework in Frameworks */,
			);
			runOnlyForDeploymentPostprocessing = 0;
		};
/* End PBXFrameworksBuildPhase section */

/* Begin PBXGroup section */
		12988BEB1C88236600EA1EE1 = {
			isa = PBXGroup;
			children = (
				12988C091C88414A00EA1EE1 /* MessageUI.framework */,
				12988BF61C88236600EA1EE1 /* SendSMSDemo */,
				12988BF51C88236600EA1EE1 /* Products */,
			);
			sourceTree = "<group>";
		};
		12988BF51C88236600EA1EE1 /* Products */ = {
			isa = PBXGroup;
			children = (
				12988BF41C88236600EA1EE1 /* SendSMSDemo.app */,
			);
			name = Products;
			sourceTree = "<group>";
		};
		12988BF61C88236600EA1EE1 /* SendSMSDemo */ = {
			isa = PBXGroup;
			children = (
				12988BF71C88236600EA1EE1 /* AppDelegate.swift */,
				12988BF91C88236600EA1EE1 /* ViewController.swift */,
				12988BFB1C88236600EA1EE1 /* Main.storyboard */,
				12988BFE1C88236600EA1EE1 /* Assets.xcassets */,
				12988C001C88236600EA1EE1 /* LaunchScreen.storyboard */,
				12988C031C88236600EA1EE1 /* Info.plist */,
			);
			path = SendSMSDemo;
			sourceTree = "<group>";
		};
/* End PBXGroup section */

/* Begin PBXNativeTarget section */
		12988BF31C88236600EA1EE1 /* SendSMSDemo */ = {
			isa = PBXNativeTarget;
			buildConfigurationList = 12988C061C88236600EA1EE1 /* Build configuration list for PBXNativeTarget "SendSMSDemo" */;
			buildPhases = (
				12988BF01C88236600EA1EE1 /* Sources */,
				12988BF11C88236600EA1EE1 /* Frameworks */,
				12988BF21C88236600EA1EE1 /* Resources */,
			);
			buildRules = (
			);
			dependencies = (
			);
			name = SendSMSDemo;
			productName = SendSMSDemo;
			productReference = 12988BF41C88236600EA1EE1 /* SendSMSDemo.app */;
			productType = "com.apple.product-type.application";
		};
/* End PBXNativeTarget section */

/* Begin PBXProject section */
		12988BEC1C88236600EA1EE1 /* Project object */ = {
			isa = PBXProject;
			attributes = {
				LastSwiftUpdateCheck = 0720;
				LastUpgradeCheck = 0720;
				ORGANIZATIONNAME = "Naoki Tsutsui";
				TargetAttributes = {
					12988BF31C88236600EA1EE1 = {
						CreatedOnToolsVersion = 7.2.1;
						DevelopmentTeam = 4CY4ADT894;
					};
				};
			};
			buildConfigurationList = 12988BEF1C88236600EA1EE1 /* Build configuration list for PBXProject "SendSMSDemo" */;
			compatibilityVersion = "Xcode 3.2";
			developmentRegion = English;
			hasScannedForEncodings = 0;
			knownRegions = (
				en,
				Base,
			);
			mainGroup = 12988BEB1C88236600EA1EE1;
			productRefGroup = 12988BF51C88236600EA1EE1 /* Products */;
			projectDirPath = "";
			projectRoot = "";
			targets = (
				12988BF31C88236600EA1EE1 /* SendSMSDemo */,
			);
		};
/* End PBXProject section */

/* Begin PBXResourcesBuildPhase section */
		12988BF21C88236600EA1EE1 /* Resources */ = {
			isa = PBXResourcesBuildPhase;
			buildActionMask = 2147483647;
			files = (
				12988C021C88236600EA1EE1 /* LaunchScreen.storyboard in Resources */,
				12988BFF1C88236600EA1EE1 /* Assets.xcassets in Resources */,
				12988BFD1C88236600EA1EE1 /* Main.storyboard in Resources */,
			);
			runOnlyForDeploymentPostprocessing = 0;
		};
/* End PBXResourcesBuildPhase section */

/* Begin PBXSourcesBuildPhase section */
		12988BF01C88236600EA1EE1 /* Sources */ = {
			isa = PBXSourcesBuildPhase;
			buildActionMask = 2147483647;
			files = (
				12988BFA1C88236600EA1EE1 /* ViewController.swift in Sources */,
				12988BF81C88236600EA1EE1 /* AppDelegate.swift in Sources */,
			);
			runOnlyForDeploymentPostprocessing = 0;
		};
/* End PBXSourcesBuildPhase section */

/* Begin PBXVariantGroup section */
		12988BFB1C88236600EA1EE1 /* Main.storyboard */ = {
			isa = PBXVariantGroup;
			children = (
				12988BFC1C88236600EA1EE1 /* Base */,
			);
			name = Main.storyboard;
			sourceTree = "<group>";
		};
		12988C001C88236600EA1EE1 /* LaunchScreen.storyboard */ = {
			isa = PBXVariantGroup;
			children = (
				12988C011C88236600EA1EE1 /* Base */,
			);
			name = LaunchScreen.storyboard;
			sourceTree = "<group>";
		};
/* End PBXVariantGroup section */

/* Begin XCBuildConfiguration section */
		12988C041C88236600EA1EE1 /* Debug */ = {
			isa = XCBuildConfiguration;
			buildSettings = {
				ALWAYS_SEARCH_USER_PATHS = NO;
				CLANG_CXX_LANGUAGE_STANDARD = "gnu++0x";
				CLANG_CXX_LIBRARY = "libc++";
				CLANG_ENABLE_MODULES = YES;
				CLANG_ENABLE_OBJC_ARC = YES;
				CLANG_WARN_BOOL_CONVERSION = YES;
				CLANG_WARN_CONSTANT_CONVERSION = YES;
				CLANG_WARN_DIRECT_OBJC_ISA_USAGE = YES_ERROR;
				CLANG_WARN_EMPTY_BODY = YES;
				CLANG_WARN_ENUM_CONVERSION = YES;
				CLANG_WARN_INT_CONVERSION = YES;
				CLANG_WARN_OBJC_ROOT_CLASS = YES_ERROR;
				CLANG_WARN_UNREACHABLE_CODE = YES;
				CLANG_WARN__DUPLICATE_METHOD_MATCH = YES;
				"CODE_SIGN_IDENTITY[sdk=iphoneos*]" = "iPhone Developer";
				COPY_PHASE_STRIP = NO;
				DEBUG_INFORMATION_FORMAT = dwarf;
				ENABLE_STRICT_OBJC_MSGSEND = YES;
				ENABLE_TESTABILITY = YES;
				GCC_C_LANGUAGE_STANDARD = gnu99;
				GCC_DYNAMIC_NO_PIC = NO;
				GCC_NO_COMMON_BLOCKS = YES;
				GCC_OPTIMIZATION_LEVEL = 0;
				GCC_PREPROCESSOR_DEFINITIONS = (
					"DEBUG=1",
					"$(inherited)",
				);
				GCC_WARN_64_TO_32_BIT_CONVERSION = YES;
				GCC_WARN_ABOUT_RETURN_TYPE = YES_ERROR;
				GCC_WARN_UNDECLARED_SELECTOR = YES;
				GCC_WARN_UNINITIALIZED_AUTOS = YES_AGGRESSIVE;
				GCC_WARN_UNUSED_FUNCTION = YES;
				GCC_WARN_UNUSED_VARIABLE = YES;
				IPHONEOS_DEPLOYMENT_TARGET = 9.2;
				MTL_ENABLE_DEBUG_INFO = YES;
				ONLY_ACTIVE_ARCH = YES;
				SDKROOT = iphoneos;
				SWIFT_OPTIMIZATION_LEVEL = "-Onone";
			};
			name = Debug;
		};
		12988C051C88236600EA1EE1 /* Release */ = {
			isa = XCBuildConfiguration;
			buildSettings = {
				ALWAYS_SEARCH_USER_PATHS = NO;
				CLANG_CXX_LANGUAGE_STANDARD = "gnu++0x";
				CLANG_CXX_LIBRARY = "libc++";
				CLANG_ENABLE_MODULES = YES;
				CLANG_ENABLE_OBJC_ARC = YES;
				CLANG_WARN_BOOL_CONVERSION = YES;
				CLANG_WARN_CONSTANT_CONVERSION = YES;
				CLANG_WARN_DIRECT_OBJC_ISA_USAGE = YES_ERROR;
				CLANG_WARN_EMPTY_BODY = YES;
				CLANG_WARN_ENUM_CONVERSION = YES;
				CLANG_WARN_INT_CONVERSION = YES;
				CLANG_WARN_OBJC_ROOT_CLASS = YES_ERROR;
				CLANG_WARN_UNREACHABLE_CODE = YES;
				CLANG_WARN__DUPLICATE_METHOD_MATCH = YES;
				"CODE_SIGN_IDENTITY[sdk=iphoneos*]" = "iPhone Developer";
				COPY_PHASE_STRIP = NO;
				DEBUG_INFORMATION_FORMAT = "dwarf-with-dsym";
				ENABLE_NS_ASSERTIONS = NO;
				ENABLE_STRICT_OBJC_MSGSEND = YES;
				GCC_C_LANGUAGE_STANDARD = gnu99;
				GCC_NO_COMMON_BLOCKS = YES;
				GCC_WARN_64_TO_32_BIT_CONVERSION = YES;
				GCC_WARN_ABOUT_RETURN_TYPE = YES_ERROR;
				GCC_WARN_UNDECLARED_SELECTOR = YES;
				GCC_WARN_UNINITIALIZED_AUTOS = YES_AGGRESSIVE;
				GCC_WARN_UNUSED_FUNCTION = YES;
				GCC_WARN_UNUSED_VARIABLE = YES;
				IPHONEOS_DEPLOYMENT_TARGET = 9.2;
				MTL_ENABLE_DEBUG_INFO = NO;
				SDKROOT = iphoneos;
				VALIDATE_PRODUCT = YES;
			};
			name = Release;
		};
		12988C071C88236600EA1EE1 /* Debug */ = {
			isa = XCBuildConfiguration;
			buildSettings = {
				ASSETCATALOG_COMPILER_APPICON_NAME = AppIcon;
				CODE_SIGN_IDENTITY = "iPhone Developer";
				INFOPLIST_FILE = SendSMSDemo/Info.plist;
				LD_RUNPATH_SEARCH_PATHS = "$(inherited) @executable_path/Frameworks";
				PRODUCT_BUNDLE_IDENTIFIER = com.nkapp.SendSMSDemo;
				PRODUCT_NAME = "$(TARGET_NAME)";
			};
			name = Debug;
		};
		12988C081C88236600EA1EE1 /* Release */ = {
			isa = XCBuildConfiguration;
			buildSettings = {
				ASSETCATALOG_COMPILER_APPICON_NAME = AppIcon;
				CODE_SIGN_IDENTITY = "iPhone Developer";
				INFOPLIST_FILE = SendSMSDemo/Info.plist;
				LD_RUNPATH_SEARCH_PATHS = "$(inherited) @executable_path/Frameworks";
				PRODUCT_BUNDLE_IDENTIFIER = com.nkapp.SendSMSDemo;
				PRODUCT_NAME = "$(TARGET_NAME)";
			};
			name = Release;
		};
/* End XCBuildConfiguration section */

/* Begin XCConfigurationList section */
		12988BEF1C88236600EA1EE1 /* Build configuration list for PBXProject "SendSMSDemo" */ = {
			isa = XCConfigurationList;
			buildConfigurations = (
				12988C041C88236600EA1EE1 /* Debug */,
				12988C051C88236600EA1EE1 /* Release */,
			);
			defaultConfigurationIsVisible = 0;
			defaultConfigurationName = Release;
		};
		12988C061C88236600EA1EE1 /* Build configuration list for PBXNativeTarget "SendSMSDemo" */ = {
			isa = XCConfigurationList;
			buildConfigurations = (
				12988C071C88236600EA1EE1 /* Debug */,
				12988C081C88236600EA1EE1 /* Release */,
			);
			defaultConfigurationIsVisible = 0;
		};
/* End XCConfigurationList section */
	};
	rootObject = 12988BEC1C88236600EA1EE1 /* Project object */;
}
