// !$*UTF8*$!
{
	archiveVersion = 1;
	classes = {
	};
	objectVersion = 46;
	objects = {

/* Begin PBXBuildFile section */
		121FBBDC1C5B258A00AA747B /* AppDelegate.swift in Sources */ = {isa = PBXBuildFile; fileRef = 121FBBDB1C5B258A00AA747B /* AppDelegate.swift */; };
		121FBBDE1C5B258A00AA747B /* ViewController.swift in Sources */ = {isa = PBXBuildFile; fileRef = 121FBBDD1C5B258A00AA747B /* ViewController.swift */; };
		121FBBE11C5B258A00AA747B /* Main.storyboard in Resources */ = {isa = PBXBuildFile; fileRef = 121FBBDF1C5B258A00AA747B /* Main.storyboard */; };
		121FBBE31C5B258A00AA747B /* Assets.xcassets in Resources */ = {isa = PBXBuildFile; fileRef = 121FBBE21C5B258A00AA747B /* Assets.xcassets */; };
		121FBBE61C5B258A00AA747B /* LaunchScreen.storyboard in Resources */ = {isa = PBXBuildFile; fileRef = 121FBBE41C5B258A00AA747B /* LaunchScreen.storyboard */; };
		121FBBF11C5B258A00AA747B /* IBDesignableDemoTests.swift in Sources */ = {isa = PBXBuildFile; fileRef = 121FBBF01C5B258A00AA747B /* IBDesignableDemoTests.swift */; };
		121FBBFC1C5B258A00AA747B /* IBDesignableDemoUITests.swift in Sources */ = {isa = PBXBuildFile; fileRef = 121FBBFB1C5B258A00AA747B /* IBDesignableDemoUITests.swift */; };
		121FBC0A1C5B262A00AA747B /* CustomButton.swift in Sources */ = {isa = PBXBuildFile; fileRef = 121FBC091C5B262A00AA747B /* CustomButton.swift */; };
		121FBC0B1C5B262A00AA747B /* CustomButton.swift in Sources */ = {isa = PBXBuildFile; fileRef = 121FBC091C5B262A00AA747B /* CustomButton.swift */; };
/* End PBXBuildFile section */

/* Begin PBXContainerItemProxy section */
		121FBBED1C5B258A00AA747B /* PBXContainerItemProxy */ = {
			isa = PBXContainerItemProxy;
			containerPortal = 121FBBD01C5B258A00AA747B /* Project object */;
			proxyType = 1;
			remoteGlobalIDString = 121FBBD71C5B258A00AA747B;
			remoteInfo = IBDesignableDemo;
		};
		121FBBF81C5B258A00AA747B /* PBXContainerItemProxy */ = {
			isa = PBXContainerItemProxy;
			containerPortal = 121FBBD01C5B258A00AA747B /* Project object */;
			proxyType = 1;
			remoteGlobalIDString = 121FBBD71C5B258A00AA747B;
			remoteInfo = IBDesignableDemo;
		};
/* End PBXContainerItemProxy section */

/* Begin PBXFileReference section */
		121FBBD81C5B258A00AA747B /* IBDesignableDemo.app */ = {isa = PBXFileReference; explicitFileType = wrapper.application; includeInIndex = 0; path = IBDesignableDemo.app; sourceTree = BUILT_PRODUCTS_DIR; };
		121FBBDB1C5B258A00AA747B /* AppDelegate.swift */ = {isa = PBXFileReference; lastKnownFileType = sourcecode.swift; path = AppDelegate.swift; sourceTree = "<group>"; };
		121FBBDD1C5B258A00AA747B /* ViewController.swift */ = {isa = PBXFileReference; lastKnownFileType = sourcecode.swift; path = ViewController.swift; sourceTree = "<group>"; };
		121FBBE01C5B258A00AA747B /* Base */ = {isa = PBXFileReference; lastKnownFileType = file.storyboard; name = Base; path = Base.lproj/Main.storyboard; sourceTree = "<group>"; };
		121FBBE21C5B258A00AA747B /* Assets.xcassets */ = {isa = PBXFileReference; lastKnownFileType = folder.assetcatalog; path = Assets.xcassets; sourceTree = "<group>"; };
		121FBBE51C5B258A00AA747B /* Base */ = {isa = PBXFileReference; lastKnownFileType = file.storyboard; name = Base; path = Base.lproj/LaunchScreen.storyboard; sourceTree = "<group>"; };
		121FBBE71C5B258A00AA747B /* Info.plist */ = {isa = PBXFileReference; lastKnownFileType = text.plist.xml; path = Info.plist; sourceTree = "<group>"; };
		121FBBEC1C5B258A00AA747B /* IBDesignableDemoTests.xctest */ = {isa = PBXFileReference; explicitFileType = wrapper.cfbundle; includeInIndex = 0; path = IBDesignableDemoTests.xctest; sourceTree = BUILT_PRODUCTS_DIR; };
		121FBBF01C5B258A00AA747B /* IBDesignableDemoTests.swift */ = {isa = PBXFileReference; lastKnownFileType = sourcecode.swift; path = IBDesignableDemoTests.swift; sourceTree = "<group>"; };
		121FBBF21C5B258A00AA747B /* Info.plist */ = {isa = PBXFileReference; lastKnownFileType = text.plist.xml; path = Info.plist; sourceTree = "<group>"; };
		121FBBF71C5B258A00AA747B /* IBDesignableDemoUITests.xctest */ = {isa = PBXFileReference; explicitFileType = wrapper.cfbundle; includeInIndex = 0; path = IBDesignableDemoUITests.xctest; sourceTree = BUILT_PRODUCTS_DIR; };
		121FBBFB1C5B258A00AA747B /* IBDesignableDemoUITests.swift */ = {isa = PBXFileReference; lastKnownFileType = sourcecode.swift; path = IBDesignableDemoUITests.swift; sourceTree = "<group>"; };
		121FBBFD1C5B258A00AA747B /* Info.plist */ = {isa = PBXFileReference; lastKnownFileType = text.plist.xml; path = Info.plist; sourceTree = "<group>"; };
		121FBC091C5B262A00AA747B /* CustomButton.swift */ = {isa = PBXFileReference; fileEncoding = 4; lastKnownFileType = sourcecode.swift; path = CustomButton.swift; sourceTree = "<group>"; };
/* End PBXFileReference section */

/* Begin PBXFrameworksBuildPhase section */
		121FBBD51C5B258A00AA747B /* Frameworks */ = {
			isa = PBXFrameworksBuildPhase;
			buildActionMask = 2147483647;
			files = (
			);
			runOnlyForDeploymentPostprocessing = 0;
		};
		121FBBE91C5B258A00AA747B /* Frameworks */ = {
			isa = PBXFrameworksBuildPhase;
			buildActionMask = 2147483647;
			files = (
			);
			runOnlyForDeploymentPostprocessing = 0;
		};
		121FBBF41C5B258A00AA747B /* Frameworks */ = {
			isa = PBXFrameworksBuildPhase;
			buildActionMask = 2147483647;
			files = (
			);
			runOnlyForDeploymentPostprocessing = 0;
		};
/* End PBXFrameworksBuildPhase section */

/* Begin PBXGroup section */
		121FBBCF1C5B258A00AA747B = {
			isa = PBXGroup;
			children = (
				121FBBDA1C5B258A00AA747B /* IBDesignableDemo */,
				121FBBEF1C5B258A00AA747B /* IBDesignableDemoTests */,
				121FBBFA1C5B258A00AA747B /* IBDesignableDemoUITests */,
				121FBBD91C5B258A00AA747B /* Products */,
			);
			sourceTree = "<group>";
		};
		121FBBD91C5B258A00AA747B /* Products */ = {
			isa = PBXGroup;
			children = (
				121FBBD81C5B258A00AA747B /* IBDesignableDemo.app */,
				121FBBEC1C5B258A00AA747B /* IBDesignableDemoTests.xctest */,
				121FBBF71C5B258A00AA747B /* IBDesignableDemoUITests.xctest */,
			);
			name = Products;
			sourceTree = "<group>";
		};
		121FBBDA1C5B258A00AA747B /* IBDesignableDemo */ = {
			isa = PBXGroup;
			children = (
				121FBBDB1C5B258A00AA747B /* AppDelegate.swift */,
				121FBBDD1C5B258A00AA747B /* ViewController.swift */,
				121FBC091C5B262A00AA747B /* CustomButton.swift */,
				121FBBDF1C5B258A00AA747B /* Main.storyboard */,
				121FBBE21C5B258A00AA747B /* Assets.xcassets */,
				121FBBE41C5B258A00AA747B /* LaunchScreen.storyboard */,
				121FBBE71C5B258A00AA747B /* Info.plist */,
			);
			path = IBDesignableDemo;
			sourceTree = "<group>";
		};
		121FBBEF1C5B258A00AA747B /* IBDesignableDemoTests */ = {
			isa = PBXGroup;
			children = (
				121FBBF01C5B258A00AA747B /* IBDesignableDemoTests.swift */,
				121FBBF21C5B258A00AA747B /* Info.plist */,
			);
			path = IBDesignableDemoTests;
			sourceTree = "<group>";
		};
		121FBBFA1C5B258A00AA747B /* IBDesignableDemoUITests */ = {
			isa = PBXGroup;
			children = (
				121FBBFB1C5B258A00AA747B /* IBDesignableDemoUITests.swift */,
				121FBBFD1C5B258A00AA747B /* Info.plist */,
			);
			path = IBDesignableDemoUITests;
			sourceTree = "<group>";
		};
/* End PBXGroup section */

/* Begin PBXNativeTarget section */
		121FBBD71C5B258A00AA747B /* IBDesignableDemo */ = {
			isa = PBXNativeTarget;
			buildConfigurationList = 121FBC001C5B258A00AA747B /* Build configuration list for PBXNativeTarget "IBDesignableDemo" */;
			buildPhases = (
				121FBBD41C5B258A00AA747B /* Sources */,
				121FBBD51C5B258A00AA747B /* Frameworks */,
				121FBBD61C5B258A00AA747B /* Resources */,
			);
			buildRules = (
			);
			dependencies = (
			);
			name = IBDesignableDemo;
			productName = IBDesignableDemo;
			productReference = 121FBBD81C5B258A00AA747B /* IBDesignableDemo.app */;
			productType = "com.apple.product-type.application";
		};
		121FBBEB1C5B258A00AA747B /* IBDesignableDemoTests */ = {
			isa = PBXNativeTarget;
			buildConfigurationList = 121FBC031C5B258A00AA747B /* Build configuration list for PBXNativeTarget "IBDesignableDemoTests" */;
			buildPhases = (
				121FBBE81C5B258A00AA747B /* Sources */,
				121FBBE91C5B258A00AA747B /* Frameworks */,
				121FBBEA1C5B258A00AA747B /* Resources */,
			);
			buildRules = (
			);
			dependencies = (
				121FBBEE1C5B258A00AA747B /* PBXTargetDependency */,
			);
			name = IBDesignableDemoTests;
			productName = IBDesignableDemoTests;
			productReference = 121FBBEC1C5B258A00AA747B /* IBDesignableDemoTests.xctest */;
			productType = "com.apple.product-type.bundle.unit-test";
		};
		121FBBF61C5B258A00AA747B /* IBDesignableDemoUITests */ = {
			isa = PBXNativeTarget;
			buildConfigurationList = 121FBC061C5B258A00AA747B /* Build configuration list for PBXNativeTarget "IBDesignableDemoUITests" */;
			buildPhases = (
				121FBBF31C5B258A00AA747B /* Sources */,
				121FBBF41C5B258A00AA747B /* Frameworks */,
				121FBBF51C5B258A00AA747B /* Resources */,
			);
			buildRules = (
			);
			dependencies = (
				121FBBF91C5B258A00AA747B /* PBXTargetDependency */,
			);
			name = IBDesignableDemoUITests;
			productName = IBDesignableDemoUITests;
			productReference = 121FBBF71C5B258A00AA747B /* IBDesignableDemoUITests.xctest */;
			productType = "com.apple.product-type.bundle.ui-testing";
		};
/* End PBXNativeTarget section */

/* Begin PBXProject section */
		121FBBD01C5B258A00AA747B /* Project object */ = {
			isa = PBXProject;
			attributes = {
				LastSwiftUpdateCheck = 0720;
				LastUpgradeCheck = 0720;
				ORGANIZATIONNAME = "Naoki Tsutsui";
				TargetAttributes = {
					121FBBD71C5B258A00AA747B = {
						CreatedOnToolsVersion = 7.2;
					};
					121FBBEB1C5B258A00AA747B = {
						CreatedOnToolsVersion = 7.2;
						TestTargetID = 121FBBD71C5B258A00AA747B;
					};
					121FBBF61C5B258A00AA747B = {
						CreatedOnToolsVersion = 7.2;
						TestTargetID = 121FBBD71C5B258A00AA747B;
					};
				};
			};
			buildConfigurationList = 121FBBD31C5B258A00AA747B /* Build configuration list for PBXProject "IBDesignableDemo" */;
			compatibilityVersion = "Xcode 3.2";
			developmentRegion = English;
			hasScannedForEncodings = 0;
			knownRegions = (
				en,
				Base,
			);
			mainGroup = 121FBBCF1C5B258A00AA747B;
			productRefGroup = 121FBBD91C5B258A00AA747B /* Products */;
			projectDirPath = "";
			projectRoot = "";
			targets = (
				121FBBD71C5B258A00AA747B /* IBDesignableDemo */,
				121FBBEB1C5B258A00AA747B /* IBDesignableDemoTests */,
				121FBBF61C5B258A00AA747B /* IBDesignableDemoUITests */,
			);
		};
/* End PBXProject section */

/* Begin PBXResourcesBuildPhase section */
		121FBBD61C5B258A00AA747B /* Resources */ = {
			isa = PBXResourcesBuildPhase;
			buildActionMask = 2147483647;
			files = (
				121FBBE61C5B258A00AA747B /* LaunchScreen.storyboard in Resources */,
				121FBBE31C5B258A00AA747B /* Assets.xcassets in Resources */,
				121FBBE11C5B258A00AA747B /* Main.storyboard in Resources */,
			);
			runOnlyForDeploymentPostprocessing = 0;
		};
		121FBBEA1C5B258A00AA747B /* Resources */ = {
			isa = PBXResourcesBuildPhase;
			buildActionMask = 2147483647;
			files = (
			);
			runOnlyForDeploymentPostprocessing = 0;
		};
		121FBBF51C5B258A00AA747B /* Resources */ = {
			isa = PBXResourcesBuildPhase;
			buildActionMask = 2147483647;
			files = (
			);
			runOnlyForDeploymentPostprocessing = 0;
		};
/* End PBXResourcesBuildPhase section */

/* Begin PBXSourcesBuildPhase section */
		121FBBD41C5B258A00AA747B /* Sources */ = {
			isa = PBXSourcesBuildPhase;
			buildActionMask = 2147483647;
			files = (
				121FBBDE1C5B258A00AA747B /* ViewController.swift in Sources */,
				121FBBDC1C5B258A00AA747B /* AppDelegate.swift in Sources */,
				121FBC0A1C5B262A00AA747B /* CustomButton.swift in Sources */,
			);
			runOnlyForDeploymentPostprocessing = 0;
		};
		121FBBE81C5B258A00AA747B /* Sources */ = {
			isa = PBXSourcesBuildPhase;
			buildActionMask = 2147483647;
			files = (
				121FBBF11C5B258A00AA747B /* IBDesignableDemoTests.swift in Sources */,
			);
			runOnlyForDeploymentPostprocessing = 0;
		};
		121FBBF31C5B258A00AA747B /* Sources */ = {
			isa = PBXSourcesBuildPhase;
			buildActionMask = 2147483647;
			files = (
				121FBC0B1C5B262A00AA747B /* CustomButton.swift in Sources */,
				121FBBFC1C5B258A00AA747B /* IBDesignableDemoUITests.swift in Sources */,
			);
			runOnlyForDeploymentPostprocessing = 0;
		};
/* End PBXSourcesBuildPhase section */

/* Begin PBXTargetDependency section */
		121FBBEE1C5B258A00AA747B /* PBXTargetDependency */ = {
			isa = PBXTargetDependency;
			target = 121FBBD71C5B258A00AA747B /* IBDesignableDemo */;
			targetProxy = 121FBBED1C5B258A00AA747B /* PBXContainerItemProxy */;
		};
		121FBBF91C5B258A00AA747B /* PBXTargetDependency */ = {
			isa = PBXTargetDependency;
			target = 121FBBD71C5B258A00AA747B /* IBDesignableDemo */;
			targetProxy = 121FBBF81C5B258A00AA747B /* PBXContainerItemProxy */;
		};
/* End PBXTargetDependency section */

/* Begin PBXVariantGroup section */
		121FBBDF1C5B258A00AA747B /* Main.storyboard */ = {
			isa = PBXVariantGroup;
			children = (
				121FBBE01C5B258A00AA747B /* Base */,
			);
			name = Main.storyboard;
			sourceTree = "<group>";
		};
		121FBBE41C5B258A00AA747B /* LaunchScreen.storyboard */ = {
			isa = PBXVariantGroup;
			children = (
				121FBBE51C5B258A00AA747B /* Base */,
			);
			name = LaunchScreen.storyboard;
			sourceTree = "<group>";
		};
/* End PBXVariantGroup section */

/* Begin XCBuildConfiguration section */
		121FBBFE1C5B258A00AA747B /* Debug */ = {
			isa = XCBuildConfiguration;
			buildSettings = {
				ALWAYS_SEARCH_USER_PATHS = NO;
				CLANG_CXX_LANGUAGE_STANDARD = "gnu++0x";
				CLANG_CXX_LIBRARY = "libc++";
				CLANG_ENABLE_MODULES = YES;
				CLANG_ENABLE_OBJC_ARC = YES;
				CLANG_WARN_BOOL_CONVERSION = YES;
				CLANG_WARN_CONSTANT_CONVERSION = YES;
				CLANG_WARN_DIRECT_OBJC_ISA_USAGE = YES_ERROR;
				CLANG_WARN_EMPTY_BODY = YES;
				CLANG_WARN_ENUM_CONVERSION = YES;
				CLANG_WARN_INT_CONVERSION = YES;
				CLANG_WARN_OBJC_ROOT_CLASS = YES_ERROR;
				CLANG_WARN_UNREACHABLE_CODE = YES;
				CLANG_WARN__DUPLICATE_METHOD_MATCH = YES;
				"CODE_SIGN_IDENTITY[sdk=iphoneos*]" = "iPhone Developer";
				COPY_PHASE_STRIP = NO;
				DEBUG_INFORMATION_FORMAT = dwarf;
				ENABLE_STRICT_OBJC_MSGSEND = YES;
				ENABLE_TESTABILITY = YES;
				GCC_C_LANGUAGE_STANDARD = gnu99;
				GCC_DYNAMIC_NO_PIC = NO;
				GCC_NO_COMMON_BLOCKS = YES;
				GCC_OPTIMIZATION_LEVEL = 0;
				GCC_PREPROCESSOR_DEFINITIONS = (
					"DEBUG=1",
					"$(inherited)",
				);
				GCC_WARN_64_TO_32_BIT_CONVERSION = YES;
				GCC_WARN_ABOUT_RETURN_TYPE = YES_ERROR;
				GCC_WARN_UNDECLARED_SELECTOR = YES;
				GCC_WARN_UNINITIALIZED_AUTOS = YES_AGGRESSIVE;
				GCC_WARN_UNUSED_FUNCTION = YES;
				GCC_WARN_UNUSED_VARIABLE = YES;
				IPHONEOS_DEPLOYMENT_TARGET = 9.2;
				MTL_ENABLE_DEBUG_INFO = YES;
				ONLY_ACTIVE_ARCH = YES;
				SDKROOT = iphoneos;
				SWIFT_OPTIMIZATION_LEVEL = "-Onone";
			};
			name = Debug;
		};
		121FBBFF1C5B258A00AA747B /* Release */ = {
			isa = XCBuildConfiguration;
			buildSettings = {
				ALWAYS_SEARCH_USER_PATHS = NO;
				CLANG_CXX_LANGUAGE_STANDARD = "gnu++0x";
				CLANG_CXX_LIBRARY = "libc++";
				CLANG_ENABLE_MODULES = YES;
				CLANG_ENABLE_OBJC_ARC = YES;
				CLANG_WARN_BOOL_CONVERSION = YES;
				CLANG_WARN_CONSTANT_CONVERSION = YES;
				CLANG_WARN_DIRECT_OBJC_ISA_USAGE = YES_ERROR;
				CLANG_WARN_EMPTY_BODY = YES;
				CLANG_WARN_ENUM_CONVERSION = YES;
				CLANG_WARN_INT_CONVERSION = YES;
				CLANG_WARN_OBJC_ROOT_CLASS = YES_ERROR;
				CLANG_WARN_UNREACHABLE_CODE = YES;
				CLANG_WARN__DUPLICATE_METHOD_MATCH = YES;
				"CODE_SIGN_IDENTITY[sdk=iphoneos*]" = "iPhone Developer";
				COPY_PHASE_STRIP = NO;
				DEBUG_INFORMATION_FORMAT = "dwarf-with-dsym";
				ENABLE_NS_ASSERTIONS = NO;
				ENABLE_STRICT_OBJC_MSGSEND = YES;
				GCC_C_LANGUAGE_STANDARD = gnu99;
				GCC_NO_COMMON_BLOCKS = YES;
				GCC_WARN_64_TO_32_BIT_CONVERSION = YES;
				GCC_WARN_ABOUT_RETURN_TYPE = YES_ERROR;
				GCC_WARN_UNDECLARED_SELECTOR = YES;
				GCC_WARN_UNINITIALIZED_AUTOS = YES_AGGRESSIVE;
				GCC_WARN_UNUSED_FUNCTION = YES;
				GCC_WARN_UNUSED_VARIABLE = YES;
				IPHONEOS_DEPLOYMENT_TARGET = 9.2;
				MTL_ENABLE_DEBUG_INFO = NO;
				SDKROOT = iphoneos;
				VALIDATE_PRODUCT = YES;
			};
			name = Release;
		};
		121FBC011C5B258A00AA747B /* Debug */ = {
			isa = XCBuildConfiguration;
			buildSettings = {
				ASSETCATALOG_COMPILER_APPICON_NAME = AppIcon;
				INFOPLIST_FILE = IBDesignableDemo/Info.plist;
				LD_RUNPATH_SEARCH_PATHS = "$(inherited) @executable_path/Frameworks";
				PRODUCT_BUNDLE_IDENTIFIER = com.nkapp.IBDesignableDemo;
				PRODUCT_NAME = "$(TARGET_NAME)";
			};
			name = Debug;
		};
		121FBC021C5B258A00AA747B /* Release */ = {
			isa = XCBuildConfiguration;
			buildSettings = {
				ASSETCATALOG_COMPILER_APPICON_NAME = AppIcon;
				INFOPLIST_FILE = IBDesignableDemo/Info.plist;
				LD_RUNPATH_SEARCH_PATHS = "$(inherited) @executable_path/Frameworks";
				PRODUCT_BUNDLE_IDENTIFIER = com.nkapp.IBDesignableDemo;
				PRODUCT_NAME = "$(TARGET_NAME)";
			};
			name = Release;
		};
		121FBC041C5B258A00AA747B /* Debug */ = {
			isa = XCBuildConfiguration;
			buildSettings = {
				BUNDLE_LOADER = "$(TEST_HOST)";
				INFOPLIST_FILE = IBDesignableDemoTests/Info.plist;
				LD_RUNPATH_SEARCH_PATHS = "$(inherited) @executable_path/Frameworks @loader_path/Frameworks";
				PRODUCT_BUNDLE_IDENTIFIER = com.nkapp.IBDesignableDemoTests;
				PRODUCT_NAME = "$(TARGET_NAME)";
				TEST_HOST = "$(BUILT_PRODUCTS_DIR)/IBDesignableDemo.app/IBDesignableDemo";
			};
			name = Debug;
		};
		121FBC051C5B258A00AA747B /* Release */ = {
			isa = XCBuildConfiguration;
			buildSettings = {
				BUNDLE_LOADER = "$(TEST_HOST)";
				INFOPLIST_FILE = IBDesignableDemoTests/Info.plist;
				LD_RUNPATH_SEARCH_PATHS = "$(inherited) @executable_path/Frameworks @loader_path/Frameworks";
				PRODUCT_BUNDLE_IDENTIFIER = com.nkapp.IBDesignableDemoTests;
				PRODUCT_NAME = "$(TARGET_NAME)";
				TEST_HOST = "$(BUILT_PRODUCTS_DIR)/IBDesignableDemo.app/IBDesignableDemo";
			};
			name = Release;
		};
		121FBC071C5B258A00AA747B /* Debug */ = {
			isa = XCBuildConfiguration;
			buildSettings = {
				INFOPLIST_FILE = IBDesignableDemoUITests/Info.plist;
				LD_RUNPATH_SEARCH_PATHS = "$(inherited) @executable_path/Frameworks @loader_path/Frameworks";
				PRODUCT_BUNDLE_IDENTIFIER = com.nkapp.IBDesignableDemoUITests;
				PRODUCT_NAME = "$(TARGET_NAME)";
				TEST_TARGET_NAME = IBDesignableDemo;
				USES_XCTRUNNER = YES;
			};
			name = Debug;
		};
		121FBC081C5B258A00AA747B /* Release */ = {
			isa = XCBuildConfiguration;
			buildSettings = {
				INFOPLIST_FILE = IBDesignableDemoUITests/Info.plist;
				LD_RUNPATH_SEARCH_PATHS = "$(inherited) @executable_path/Frameworks @loader_path/Frameworks";
				PRODUCT_BUNDLE_IDENTIFIER = com.nkapp.IBDesignableDemoUITests;
				PRODUCT_NAME = "$(TARGET_NAME)";
				TEST_TARGET_NAME = IBDesignableDemo;
				USES_XCTRUNNER = YES;
			};
			name = Release;
		};
/* End XCBuildConfiguration section */

/* Begin XCConfigurationList section */
		121FBBD31C5B258A00AA747B /* Build configuration list for PBXProject "IBDesignableDemo" */ = {
			isa = XCConfigurationList;
			buildConfigurations = (
				121FBBFE1C5B258A00AA747B /* Debug */,
				121FBBFF1C5B258A00AA747B /* Release */,
			);
			defaultConfigurationIsVisible = 0;
			defaultConfigurationName = Release;
		};
		121FBC001C5B258A00AA747B /* Build configuration list for PBXNativeTarget "IBDesignableDemo" */ = {
			isa = XCConfigurationList;
			buildConfigurations = (
				121FBC011C5B258A00AA747B /* Debug */,
				121FBC021C5B258A00AA747B /* Release */,
			);
			defaultConfigurationIsVisible = 0;
		};
		121FBC031C5B258A00AA747B /* Build configuration list for PBXNativeTarget "IBDesignableDemoTests" */ = {
			isa = XCConfigurationList;
			buildConfigurations = (
				121FBC041C5B258A00AA747B /* Debug */,
				121FBC051C5B258A00AA747B /* Release */,
			);
			defaultConfigurationIsVisible = 0;
		};
		121FBC061C5B258A00AA747B /* Build configuration list for PBXNativeTarget "IBDesignableDemoUITests" */ = {
			isa = XCConfigurationList;
			buildConfigurations = (
				121FBC071C5B258A00AA747B /* Debug */,
				121FBC081C5B258A00AA747B /* Release */,
			);
			defaultConfigurationIsVisible = 0;
		};
/* End XCConfigurationList section */
	};
	rootObject = 121FBBD01C5B258A00AA747B /* Project object */;
}
