// !$*UTF8*$!
{
	archiveVersion = 1;
	classes = {
	};
	objectVersion = 46;
	objects = {

/* Begin PBXBuildFile section */
		121FA8511C954463001420E4 /* AppDelegate.swift in Sources */ = {isa = PBXBuildFile; fileRef = 121FA8501C954463001420E4 /* AppDelegate.swift */; };
		121FA8531C954463001420E4 /* MasterViewController.swift in Sources */ = {isa = PBXBuildFile; fileRef = 121FA8521C954463001420E4 /* MasterViewController.swift */; };
		121FA8551C954463001420E4 /* DetailViewController.swift in Sources */ = {isa = PBXBuildFile; fileRef = 121FA8541C954463001420E4 /* DetailViewController.swift */; };
		121FA8581C954463001420E4 /* Main.storyboard in Resources */ = {isa = PBXBuildFile; fileRef = 121FA8561C954463001420E4 /* Main.storyboard */; };
		121FA85A1C954463001420E4 /* Assets.xcassets in Resources */ = {isa = PBXBuildFile; fileRef = 121FA8591C954463001420E4 /* Assets.xcassets */; };
		121FA85D1C954463001420E4 /* LaunchScreen.storyboard in Resources */ = {isa = PBXBuildFile; fileRef = 121FA85B1C954463001420E4 /* LaunchScreen.storyboard */; };
		8DC2574138388C7794323590 /* Pods_BluemixClientDemo.framework in Frameworks */ = {isa = PBXBuildFile; fileRef = E0C7D89CBBCB84EF90C35F2D /* Pods_BluemixClientDemo.framework */; };
/* End PBXBuildFile section */

/* Begin PBXFileReference section */
		121FA84D1C954463001420E4 /* BluemixClientDemo.app */ = {isa = PBXFileReference; explicitFileType = wrapper.application; includeInIndex = 0; path = BluemixClientDemo.app; sourceTree = BUILT_PRODUCTS_DIR; };
		121FA8501C954463001420E4 /* AppDelegate.swift */ = {isa = PBXFileReference; lastKnownFileType = sourcecode.swift; path = AppDelegate.swift; sourceTree = "<group>"; };
		121FA8521C954463001420E4 /* MasterViewController.swift */ = {isa = PBXFileReference; lastKnownFileType = sourcecode.swift; path = MasterViewController.swift; sourceTree = "<group>"; };
		121FA8541C954463001420E4 /* DetailViewController.swift */ = {isa = PBXFileReference; lastKnownFileType = sourcecode.swift; path = DetailViewController.swift; sourceTree = "<group>"; };
		121FA8571C954463001420E4 /* Base */ = {isa = PBXFileReference; lastKnownFileType = file.storyboard; name = Base; path = Base.lproj/Main.storyboard; sourceTree = "<group>"; };
		121FA8591C954463001420E4 /* Assets.xcassets */ = {isa = PBXFileReference; lastKnownFileType = folder.assetcatalog; path = Assets.xcassets; sourceTree = "<group>"; };
		121FA85C1C954463001420E4 /* Base */ = {isa = PBXFileReference; lastKnownFileType = file.storyboard; name = Base; path = Base.lproj/LaunchScreen.storyboard; sourceTree = "<group>"; };
		121FA85E1C954463001420E4 /* Info.plist */ = {isa = PBXFileReference; lastKnownFileType = text.plist.xml; path = Info.plist; sourceTree = "<group>"; };
		2A8417EB1341226132A1EEE8 /* Pods-BluemixClientDemo.debug.xcconfig */ = {isa = PBXFileReference; includeInIndex = 1; lastKnownFileType = text.xcconfig; name = "Pods-BluemixClientDemo.debug.xcconfig"; path = "Pods/Target Support Files/Pods-BluemixClientDemo/Pods-BluemixClientDemo.debug.xcconfig"; sourceTree = "<group>"; };
		95AD165449B604480196875C /* Pods-BluemixClientDemo.release.xcconfig */ = {isa = PBXFileReference; includeInIndex = 1; lastKnownFileType = text.xcconfig; name = "Pods-BluemixClientDemo.release.xcconfig"; path = "Pods/Target Support Files/Pods-BluemixClientDemo/Pods-BluemixClientDemo.release.xcconfig"; sourceTree = "<group>"; };
		E0C7D89CBBCB84EF90C35F2D /* Pods_BluemixClientDemo.framework */ = {isa = PBXFileReference; explicitFileType = wrapper.framework; includeInIndex = 0; path = Pods_BluemixClientDemo.framework; sourceTree = BUILT_PRODUCTS_DIR; };
/* End PBXFileReference section */

/* Begin PBXFrameworksBuildPhase section */
		121FA84A1C954463001420E4 /* Frameworks */ = {
			isa = PBXFrameworksBuildPhase;
			buildActionMask = 2147483647;
			files = (
				8DC2574138388C7794323590 /* Pods_BluemixClientDemo.framework in Frameworks */,
			);
			runOnlyForDeploymentPostprocessing = 0;
		};
/* End PBXFrameworksBuildPhase section */

/* Begin PBXGroup section */
		121FA8441C954463001420E4 = {
			isa = PBXGroup;
			children = (
				121FA84F1C954463001420E4 /* BluemixClientDemo */,
				121FA84E1C954463001420E4 /* Products */,
				DF7B3A2D460E6CE2C80F90E4 /* Pods */,
				8378D89E2B673533618382C9 /* Frameworks */,
			);
			sourceTree = "<group>";
		};
		121FA84E1C954463001420E4 /* Products */ = {
			isa = PBXGroup;
			children = (
				121FA84D1C954463001420E4 /* BluemixClientDemo.app */,
			);
			name = Products;
			sourceTree = "<group>";
		};
		121FA84F1C954463001420E4 /* BluemixClientDemo */ = {
			isa = PBXGroup;
			children = (
				121FA8501C954463001420E4 /* AppDelegate.swift */,
				121FA8521C954463001420E4 /* MasterViewController.swift */,
				121FA8541C954463001420E4 /* DetailViewController.swift */,
				121FA8561C954463001420E4 /* Main.storyboard */,
				121FA8591C954463001420E4 /* Assets.xcassets */,
				121FA85B1C954463001420E4 /* LaunchScreen.storyboard */,
				121FA85E1C954463001420E4 /* Info.plist */,
			);
			path = BluemixClientDemo;
			sourceTree = "<group>";
		};
		8378D89E2B673533618382C9 /* Frameworks */ = {
			isa = PBXGroup;
			children = (
				E0C7D89CBBCB84EF90C35F2D /* Pods_BluemixClientDemo.framework */,
			);
			name = Frameworks;
			sourceTree = "<group>";
		};
		DF7B3A2D460E6CE2C80F90E4 /* Pods */ = {
			isa = PBXGroup;
			children = (
				2A8417EB1341226132A1EEE8 /* Pods-BluemixClientDemo.debug.xcconfig */,
				95AD165449B604480196875C /* Pods-BluemixClientDemo.release.xcconfig */,
			);
			name = Pods;
			sourceTree = "<group>";
		};
/* End PBXGroup section */

/* Begin PBXNativeTarget section */
		121FA84C1C954463001420E4 /* BluemixClientDemo */ = {
			isa = PBXNativeTarget;
			buildConfigurationList = 121FA8611C954463001420E4 /* Build configuration list for PBXNativeTarget "BluemixClientDemo" */;
			buildPhases = (
				1EED0828A480C0C5B4B7F6BD /* Check Pods Manifest.lock */,
				121FA8491C954463001420E4 /* Sources */,
				121FA84A1C954463001420E4 /* Frameworks */,
				121FA84B1C954463001420E4 /* Resources */,
				A5E3AFB6A83353A36D4BBAE6 /* Embed Pods Frameworks */,
				772C91616ADCEE4BE9B2FDF9 /* Copy Pods Resources */,
			);
			buildRules = (
			);
			dependencies = (
			);
			name = BluemixClientDemo;
			productName = BluemixClientDemo;
			productReference = 121FA84D1C954463001420E4 /* BluemixClientDemo.app */;
			productType = "com.apple.product-type.application";
		};
/* End PBXNativeTarget section */

/* Begin PBXProject section */
		121FA8451C954463001420E4 /* Project object */ = {
			isa = PBXProject;
			attributes = {
				LastSwiftUpdateCheck = 0720;
				LastUpgradeCheck = 0720;
				ORGANIZATIONNAME = "Naoki Tsutsui";
				TargetAttributes = {
					121FA84C1C954463001420E4 = {
						CreatedOnToolsVersion = 7.2.1;
					};
				};
			};
			buildConfigurationList = 121FA8481C954463001420E4 /* Build configuration list for PBXProject "BluemixClientDemo" */;
			compatibilityVersion = "Xcode 3.2";
			developmentRegion = English;
			hasScannedForEncodings = 0;
			knownRegions = (
				en,
				Base,
			);
			mainGroup = 121FA8441C954463001420E4;
			productRefGroup = 121FA84E1C954463001420E4 /* Products */;
			projectDirPath = "";
			projectRoot = "";
			targets = (
				121FA84C1C954463001420E4 /* BluemixClientDemo */,
			);
		};
/* End PBXProject section */

/* Begin PBXResourcesBuildPhase section */
		121FA84B1C954463001420E4 /* Resources */ = {
			isa = PBXResourcesBuildPhase;
			buildActionMask = 2147483647;
			files = (
				121FA85D1C954463001420E4 /* LaunchScreen.storyboard in Resources */,
				121FA85A1C954463001420E4 /* Assets.xcassets in Resources */,
				121FA8581C954463001420E4 /* Main.storyboard in Resources */,
			);
			runOnlyForDeploymentPostprocessing = 0;
		};
/* End PBXResourcesBuildPhase section */

/* Begin PBXShellScriptBuildPhase section */
		1EED0828A480C0C5B4B7F6BD /* Check Pods Manifest.lock */ = {
			isa = PBXShellScriptBuildPhase;
			buildActionMask = 2147483647;
			files = (
			);
			inputPaths = (
			);
			name = "Check Pods Manifest.lock";
			outputPaths = (
			);
			runOnlyForDeploymentPostprocessing = 0;
			shellPath = /bin/sh;
			shellScript = "diff \"${PODS_ROOT}/../Podfile.lock\" \"${PODS_ROOT}/Manifest.lock\" > /dev/null\nif [[ $? != 0 ]] ; then\n    cat << EOM\nerror: The sandbox is not in sync with the Podfile.lock. Run 'pod install' or update your CocoaPods installation.\nEOM\n    exit 1\nfi\n";
			showEnvVarsInLog = 0;
		};
		772C91616ADCEE4BE9B2FDF9 /* Copy Pods Resources */ = {
			isa = PBXShellScriptBuildPhase;
			buildActionMask = 2147483647;
			files = (
			);
			inputPaths = (
			);
			name = "Copy Pods Resources";
			outputPaths = (
			);
			runOnlyForDeploymentPostprocessing = 0;
			shellPath = /bin/sh;
			shellScript = "\"${SRCROOT}/Pods/Target Support Files/Pods-BluemixClientDemo/Pods-BluemixClientDemo-resources.sh\"\n";
			showEnvVarsInLog = 0;
		};
		A5E3AFB6A83353A36D4BBAE6 /* Embed Pods Frameworks */ = {
			isa = PBXShellScriptBuildPhase;
			buildActionMask = 2147483647;
			files = (
			);
			inputPaths = (
			);
			name = "Embed Pods Frameworks";
			outputPaths = (
			);
			runOnlyForDeploymentPostprocessing = 0;
			shellPath = /bin/sh;
			shellScript = "\"${SRCROOT}/Pods/Target Support Files/Pods-BluemixClientDemo/Pods-BluemixClientDemo-frameworks.sh\"\n";
			showEnvVarsInLog = 0;
		};
/* End PBXShellScriptBuildPhase section */

/* Begin PBXSourcesBuildPhase section */
		121FA8491C954463001420E4 /* Sources */ = {
			isa = PBXSourcesBuildPhase;
			buildActionMask = 2147483647;
			files = (
				121FA8551C954463001420E4 /* DetailViewController.swift in Sources */,
				121FA8531C954463001420E4 /* MasterViewController.swift in Sources */,
				121FA8511C954463001420E4 /* AppDelegate.swift in Sources */,
			);
			runOnlyForDeploymentPostprocessing = 0;
		};
/* End PBXSourcesBuildPhase section */

/* Begin PBXVariantGroup section */
		121FA8561C954463001420E4 /* Main.storyboard */ = {
			isa = PBXVariantGroup;
			children = (
				121FA8571C954463001420E4 /* Base */,
			);
			name = Main.storyboard;
			sourceTree = "<group>";
		};
		121FA85B1C954463001420E4 /* LaunchScreen.storyboard */ = {
			isa = PBXVariantGroup;
			children = (
				121FA85C1C954463001420E4 /* Base */,
			);
			name = LaunchScreen.storyboard;
			sourceTree = "<group>";
		};
/* End PBXVariantGroup section */

/* Begin XCBuildConfiguration section */
		121FA85F1C954463001420E4 /* Debug */ = {
			isa = XCBuildConfiguration;
			buildSettings = {
				ALWAYS_SEARCH_USER_PATHS = NO;
				CLANG_CXX_LANGUAGE_STANDARD = "gnu++0x";
				CLANG_CXX_LIBRARY = "libc++";
				CLANG_ENABLE_MODULES = YES;
				CLANG_ENABLE_OBJC_ARC = YES;
				CLANG_WARN_BOOL_CONVERSION = YES;
				CLANG_WARN_CONSTANT_CONVERSION = YES;
				CLANG_WARN_DIRECT_OBJC_ISA_USAGE = YES_ERROR;
				CLANG_WARN_EMPTY_BODY = YES;
				CLANG_WARN_ENUM_CONVERSION = YES;
				CLANG_WARN_INT_CONVERSION = YES;
				CLANG_WARN_OBJC_ROOT_CLASS = YES_ERROR;
				CLANG_WARN_UNREACHABLE_CODE = YES;
				CLANG_WARN__DUPLICATE_METHOD_MATCH = YES;
				"CODE_SIGN_IDENTITY[sdk=iphoneos*]" = "iPhone Developer";
				COPY_PHASE_STRIP = NO;
				DEBUG_INFORMATION_FORMAT = dwarf;
				ENABLE_STRICT_OBJC_MSGSEND = YES;
				ENABLE_TESTABILITY = YES;
				GCC_C_LANGUAGE_STANDARD = gnu99;
				GCC_DYNAMIC_NO_PIC = NO;
				GCC_NO_COMMON_BLOCKS = YES;
				GCC_OPTIMIZATION_LEVEL = 0;
				GCC_PREPROCESSOR_DEFINITIONS = (
					"DEBUG=1",
					"$(inherited)",
				);
				GCC_WARN_64_TO_32_BIT_CONVERSION = YES;
				GCC_WARN_ABOUT_RETURN_TYPE = YES_ERROR;
				GCC_WARN_UNDECLARED_SELECTOR = YES;
				GCC_WARN_UNINITIALIZED_AUTOS = YES_AGGRESSIVE;
				GCC_WARN_UNUSED_FUNCTION = YES;
				GCC_WARN_UNUSED_VARIABLE = YES;
				IPHONEOS_DEPLOYMENT_TARGET = 9.2;
				MTL_ENABLE_DEBUG_INFO = YES;
				ONLY_ACTIVE_ARCH = YES;
				SDKROOT = iphoneos;
				SWIFT_OPTIMIZATION_LEVEL = "-Onone";
			};
			name = Debug;
		};
		121FA8601C954463001420E4 /* Release */ = {
			isa = XCBuildConfiguration;
			buildSettings = {
				ALWAYS_SEARCH_USER_PATHS = NO;
				CLANG_CXX_LANGUAGE_STANDARD = "gnu++0x";
				CLANG_CXX_LIBRARY = "libc++";
				CLANG_ENABLE_MODULES = YES;
				CLANG_ENABLE_OBJC_ARC = YES;
				CLANG_WARN_BOOL_CONVERSION = YES;
				CLANG_WARN_CONSTANT_CONVERSION = YES;
				CLANG_WARN_DIRECT_OBJC_ISA_USAGE = YES_ERROR;
				CLANG_WARN_EMPTY_BODY = YES;
				CLANG_WARN_ENUM_CONVERSION = YES;
				CLANG_WARN_INT_CONVERSION = YES;
				CLANG_WARN_OBJC_ROOT_CLASS = YES_ERROR;
				CLANG_WARN_UNREACHABLE_CODE = YES;
				CLANG_WARN__DUPLICATE_METHOD_MATCH = YES;
				"CODE_SIGN_IDENTITY[sdk=iphoneos*]" = "iPhone Developer";
				COPY_PHASE_STRIP = NO;
				DEBUG_INFORMATION_FORMAT = "dwarf-with-dsym";
				ENABLE_NS_ASSERTIONS = NO;
				ENABLE_STRICT_OBJC_MSGSEND = YES;
				GCC_C_LANGUAGE_STANDARD = gnu99;
				GCC_NO_COMMON_BLOCKS = YES;
				GCC_WARN_64_TO_32_BIT_CONVERSION = YES;
				GCC_WARN_ABOUT_RETURN_TYPE = YES_ERROR;
				GCC_WARN_UNDECLARED_SELECTOR = YES;
				GCC_WARN_UNINITIALIZED_AUTOS = YES_AGGRESSIVE;
				GCC_WARN_UNUSED_FUNCTION = YES;
				GCC_WARN_UNUSED_VARIABLE = YES;
				IPHONEOS_DEPLOYMENT_TARGET = 9.2;
				MTL_ENABLE_DEBUG_INFO = NO;
				SDKROOT = iphoneos;
				VALIDATE_PRODUCT = YES;
			};
			name = Release;
		};
		121FA8621C954463001420E4 /* Debug */ = {
			isa = XCBuildConfiguration;
			baseConfigurationReference = 2A8417EB1341226132A1EEE8 /* Pods-BluemixClientDemo.debug.xcconfig */;
			buildSettings = {
				ASSETCATALOG_COMPILER_APPICON_NAME = AppIcon;
				INFOPLIST_FILE = BluemixClientDemo/Info.plist;
				LD_RUNPATH_SEARCH_PATHS = "$(inherited) @executable_path/Frameworks";
				PRODUCT_BUNDLE_IDENTIFIER = com.nkapp.BluemixClientDemo;
				PRODUCT_NAME = "$(TARGET_NAME)";
			};
			name = Debug;
		};
		121FA8631C954463001420E4 /* Release */ = {
			isa = XCBuildConfiguration;
			baseConfigurationReference = 95AD165449B604480196875C /* Pods-BluemixClientDemo.release.xcconfig */;
			buildSettings = {
				ASSETCATALOG_COMPILER_APPICON_NAME = AppIcon;
				INFOPLIST_FILE = BluemixClientDemo/Info.plist;
				LD_RUNPATH_SEARCH_PATHS = "$(inherited) @executable_path/Frameworks";
				PRODUCT_BUNDLE_IDENTIFIER = com.nkapp.BluemixClientDemo;
				PRODUCT_NAME = "$(TARGET_NAME)";
			};
			name = Release;
		};
/* End XCBuildConfiguration section */

/* Begin XCConfigurationList section */
		121FA8481C954463001420E4 /* Build configuration list for PBXProject "BluemixClientDemo" */ = {
			isa = XCConfigurationList;
			buildConfigurations = (
				121FA85F1C954463001420E4 /* Debug */,
				121FA8601C954463001420E4 /* Release */,
			);
			defaultConfigurationIsVisible = 0;
			defaultConfigurationName = Release;
		};
		121FA8611C954463001420E4 /* Build configuration list for PBXNativeTarget "BluemixClientDemo" */ = {
			isa = XCConfigurationList;
			buildConfigurations = (
				121FA8621C954463001420E4 /* Debug */,
				121FA8631C954463001420E4 /* Release */,
			);
			defaultConfigurationIsVisible = 0;
			defaultConfigurationName = Release;
		};
/* End XCConfigurationList section */
	};
	rootObject = 121FA8451C954463001420E4 /* Project object */;
}
