// !$*UTF8*$!
{
	archiveVersion = 1;
	classes = {
	};
	objectVersion = 46;
	objects = {

/* Begin PBXBuildFile section */
		12A3807C1C8732A000304B0B /* AppDelegate.swift in Sources */ = {isa = PBXBuildFile; fileRef = 12A3807B1C8732A000304B0B /* AppDelegate.swift */; };
		12A3807E1C8732A000304B0B /* ViewController.swift in Sources */ = {isa = PBXBuildFile; fileRef = 12A3807D1C8732A000304B0B /* ViewController.swift */; };
		12A380811C8732A000304B0B /* Main.storyboard in Resources */ = {isa = PBXBuildFile; fileRef = 12A3807F1C8732A000304B0B /* Main.storyboard */; };
		12A380831C8732A000304B0B /* Assets.xcassets in Resources */ = {isa = PBXBuildFile; fileRef = 12A380821C8732A000304B0B /* Assets.xcassets */; };
		12A380861C8732A000304B0B /* LaunchScreen.storyboard in Resources */ = {isa = PBXBuildFile; fileRef = 12A380841C8732A000304B0B /* LaunchScreen.storyboard */; };
/* End PBXBuildFile section */

/* Begin PBXFileReference section */
		12A380781C8732A000304B0B /* ReplayKitDemo.app */ = {isa = PBXFileReference; explicitFileType = wrapper.application; includeInIndex = 0; path = ReplayKitDemo.app; sourceTree = BUILT_PRODUCTS_DIR; };
		12A3807B1C8732A000304B0B /* AppDelegate.swift */ = {isa = PBXFileReference; lastKnownFileType = sourcecode.swift; path = AppDelegate.swift; sourceTree = "<group>"; };
		12A3807D1C8732A000304B0B /* ViewController.swift */ = {isa = PBXFileReference; lastKnownFileType = sourcecode.swift; path = ViewController.swift; sourceTree = "<group>"; };
		12A380801C8732A000304B0B /* Base */ = {isa = PBXFileReference; lastKnownFileType = file.storyboard; name = Base; path = Base.lproj/Main.storyboard; sourceTree = "<group>"; };
		12A380821C8732A000304B0B /* Assets.xcassets */ = {isa = PBXFileReference; lastKnownFileType = folder.assetcatalog; path = Assets.xcassets; sourceTree = "<group>"; };
		12A380851C8732A000304B0B /* Base */ = {isa = PBXFileReference; lastKnownFileType = file.storyboard; name = Base; path = Base.lproj/LaunchScreen.storyboard; sourceTree = "<group>"; };
		12A380871C8732A000304B0B /* Info.plist */ = {isa = PBXFileReference; lastKnownFileType = text.plist.xml; path = Info.plist; sourceTree = "<group>"; };
/* End PBXFileReference section */

/* Begin PBXFrameworksBuildPhase section */
		12A380751C8732A000304B0B /* Frameworks */ = {
			isa = PBXFrameworksBuildPhase;
			buildActionMask = 2147483647;
			files = (
			);
			runOnlyForDeploymentPostprocessing = 0;
		};
/* End PBXFrameworksBuildPhase section */

/* Begin PBXGroup section */
		12A3806F1C8732A000304B0B = {
			isa = PBXGroup;
			children = (
				12A3807A1C8732A000304B0B /* ReplayKitDemo */,
				12A380791C8732A000304B0B /* Products */,
			);
			sourceTree = "<group>";
		};
		12A380791C8732A000304B0B /* Products */ = {
			isa = PBXGroup;
			children = (
				12A380781C8732A000304B0B /* ReplayKitDemo.app */,
			);
			name = Products;
			sourceTree = "<group>";
		};
		12A3807A1C8732A000304B0B /* ReplayKitDemo */ = {
			isa = PBXGroup;
			children = (
				12A3807B1C8732A000304B0B /* AppDelegate.swift */,
				12A3807D1C8732A000304B0B /* ViewController.swift */,
				12A3807F1C8732A000304B0B /* Main.storyboard */,
				12A380821C8732A000304B0B /* Assets.xcassets */,
				12A380841C8732A000304B0B /* LaunchScreen.storyboard */,
				12A380871C8732A000304B0B /* Info.plist */,
			);
			path = ReplayKitDemo;
			sourceTree = "<group>";
		};
/* End PBXGroup section */

/* Begin PBXNativeTarget section */
		12A380771C8732A000304B0B /* ReplayKitDemo */ = {
			isa = PBXNativeTarget;
			buildConfigurationList = 12A3808A1C8732A000304B0B /* Build configuration list for PBXNativeTarget "ReplayKitDemo" */;
			buildPhases = (
				12A380741C8732A000304B0B /* Sources */,
				12A380751C8732A000304B0B /* Frameworks */,
				12A380761C8732A000304B0B /* Resources */,
			);
			buildRules = (
			);
			dependencies = (
			);
			name = ReplayKitDemo;
			productName = ReplayKitDemo;
			productReference = 12A380781C8732A000304B0B /* ReplayKitDemo.app */;
			productType = "com.apple.product-type.application";
		};
/* End PBXNativeTarget section */

/* Begin PBXProject section */
		12A380701C8732A000304B0B /* Project object */ = {
			isa = PBXProject;
			attributes = {
				LastSwiftUpdateCheck = 0720;
				LastUpgradeCheck = 0720;
				ORGANIZATIONNAME = "Naoki Tsutsui";
				TargetAttributes = {
					12A380771C8732A000304B0B = {
						CreatedOnToolsVersion = 7.2.1;
					};
				};
			};
			buildConfigurationList = 12A380731C8732A000304B0B /* Build configuration list for PBXProject "ReplayKitDemo" */;
			compatibilityVersion = "Xcode 3.2";
			developmentRegion = English;
			hasScannedForEncodings = 0;
			knownRegions = (
				en,
				Base,
			);
			mainGroup = 12A3806F1C8732A000304B0B;
			productRefGroup = 12A380791C8732A000304B0B /* Products */;
			projectDirPath = "";
			projectRoot = "";
			targets = (
				12A380771C8732A000304B0B /* ReplayKitDemo */,
			);
		};
/* End PBXProject section */

/* Begin PBXResourcesBuildPhase section */
		12A380761C8732A000304B0B /* Resources */ = {
			isa = PBXResourcesBuildPhase;
			buildActionMask = 2147483647;
			files = (
				12A380861C8732A000304B0B /* LaunchScreen.storyboard in Resources */,
				12A380831C8732A000304B0B /* Assets.xcassets in Resources */,
				12A380811C8732A000304B0B /* Main.storyboard in Resources */,
			);
			runOnlyForDeploymentPostprocessing = 0;
		};
/* End PBXResourcesBuildPhase section */

/* Begin PBXSourcesBuildPhase section */
		12A380741C8732A000304B0B /* Sources */ = {
			isa = PBXSourcesBuildPhase;
			buildActionMask = 2147483647;
			files = (
				12A3807E1C8732A000304B0B /* ViewController.swift in Sources */,
				12A3807C1C8732A000304B0B /* AppDelegate.swift in Sources */,
			);
			runOnlyForDeploymentPostprocessing = 0;
		};
/* End PBXSourcesBuildPhase section */

/* Begin PBXVariantGroup section */
		12A3807F1C8732A000304B0B /* Main.storyboard */ = {
			isa = PBXVariantGroup;
			children = (
				12A380801C8732A000304B0B /* Base */,
			);
			name = Main.storyboard;
			sourceTree = "<group>";
		};
		12A380841C8732A000304B0B /* LaunchScreen.storyboard */ = {
			isa = PBXVariantGroup;
			children = (
				12A380851C8732A000304B0B /* Base */,
			);
			name = LaunchScreen.storyboard;
			sourceTree = "<group>";
		};
/* End PBXVariantGroup section */

/* Begin XCBuildConfiguration section */
		12A380881C8732A000304B0B /* Debug */ = {
			isa = XCBuildConfiguration;
			buildSettings = {
				ALWAYS_SEARCH_USER_PATHS = NO;
				CLANG_CXX_LANGUAGE_STANDARD = "gnu++0x";
				CLANG_CXX_LIBRARY = "libc++";
				CLANG_ENABLE_MODULES = YES;
				CLANG_ENABLE_OBJC_ARC = YES;
				CLANG_WARN_BOOL_CONVERSION = YES;
				CLANG_WARN_CONSTANT_CONVERSION = YES;
				CLANG_WARN_DIRECT_OBJC_ISA_USAGE = YES_ERROR;
				CLANG_WARN_EMPTY_BODY = YES;
				CLANG_WARN_ENUM_CONVERSION = YES;
				CLANG_WARN_INT_CONVERSION = YES;
				CLANG_WARN_OBJC_ROOT_CLASS = YES_ERROR;
				CLANG_WARN_UNREACHABLE_CODE = YES;
				CLANG_WARN__DUPLICATE_METHOD_MATCH = YES;
				"CODE_SIGN_IDENTITY[sdk=iphoneos*]" = "iPhone Developer";
				COPY_PHASE_STRIP = NO;
				DEBUG_INFORMATION_FORMAT = dwarf;
				ENABLE_STRICT_OBJC_MSGSEND = YES;
				ENABLE_TESTABILITY = YES;
				GCC_C_LANGUAGE_STANDARD = gnu99;
				GCC_DYNAMIC_NO_PIC = NO;
				GCC_NO_COMMON_BLOCKS = YES;
				GCC_OPTIMIZATION_LEVEL = 0;
				GCC_PREPROCESSOR_DEFINITIONS = (
					"DEBUG=1",
					"$(inherited)",
				);
				GCC_WARN_64_TO_32_BIT_CONVERSION = YES;
				GCC_WARN_ABOUT_RETURN_TYPE = YES_ERROR;
				GCC_WARN_UNDECLARED_SELECTOR = YES;
				GCC_WARN_UNINITIALIZED_AUTOS = YES_AGGRESSIVE;
				GCC_WARN_UNUSED_FUNCTION = YES;
				GCC_WARN_UNUSED_VARIABLE = YES;
				IPHONEOS_DEPLOYMENT_TARGET = 9.2;
				MTL_ENABLE_DEBUG_INFO = YES;
				ONLY_ACTIVE_ARCH = YES;
				SDKROOT = iphoneos;
				SWIFT_OPTIMIZATION_LEVEL = "-Onone";
			};
			name = Debug;
		};
		12A380891C8732A000304B0B /* Release */ = {
			isa = XCBuildConfiguration;
			buildSettings = {
				ALWAYS_SEARCH_USER_PATHS = NO;
				CLANG_CXX_LANGUAGE_STANDARD = "gnu++0x";
				CLANG_CXX_LIBRARY = "libc++";
				CLANG_ENABLE_MODULES = YES;
				CLANG_ENABLE_OBJC_ARC = YES;
				CLANG_WARN_BOOL_CONVERSION = YES;
				CLANG_WARN_CONSTANT_CONVERSION = YES;
				CLANG_WARN_DIRECT_OBJC_ISA_USAGE = YES_ERROR;
				CLANG_WARN_EMPTY_BODY = YES;
				CLANG_WARN_ENUM_CONVERSION = YES;
				CLANG_WARN_INT_CONVERSION = YES;
				CLANG_WARN_OBJC_ROOT_CLASS = YES_ERROR;
				CLANG_WARN_UNREACHABLE_CODE = YES;
				CLANG_WARN__DUPLICATE_METHOD_MATCH = YES;
				"CODE_SIGN_IDENTITY[sdk=iphoneos*]" = "iPhone Developer";
				COPY_PHASE_STRIP = NO;
				DEBUG_INFORMATION_FORMAT = "dwarf-with-dsym";
				ENABLE_NS_ASSERTIONS = NO;
				ENABLE_STRICT_OBJC_MSGSEND = YES;
				GCC_C_LANGUAGE_STANDARD = gnu99;
				GCC_NO_COMMON_BLOCKS = YES;
				GCC_WARN_64_TO_32_BIT_CONVERSION = YES;
				GCC_WARN_ABOUT_RETURN_TYPE = YES_ERROR;
				GCC_WARN_UNDECLARED_SELECTOR = YES;
				GCC_WARN_UNINITIALIZED_AUTOS = YES_AGGRESSIVE;
				GCC_WARN_UNUSED_FUNCTION = YES;
				GCC_WARN_UNUSED_VARIABLE = YES;
				IPHONEOS_DEPLOYMENT_TARGET = 9.2;
				MTL_ENABLE_DEBUG_INFO = NO;
				SDKROOT = iphoneos;
				VALIDATE_PRODUCT = YES;
			};
			name = Release;
		};
		12A3808B1C8732A000304B0B /* Debug */ = {
			isa = XCBuildConfiguration;
			buildSettings = {
				ASSETCATALOG_COMPILER_APPICON_NAME = AppIcon;
				INFOPLIST_FILE = ReplayKitDemo/Info.plist;
				LD_RUNPATH_SEARCH_PATHS = "$(inherited) @executable_path/Frameworks";
				PRODUCT_BUNDLE_IDENTIFIER = com.nkapp.ReplayKitDemo;
				PRODUCT_NAME = "$(TARGET_NAME)";
			};
			name = Debug;
		};
		12A3808C1C8732A000304B0B /* Release */ = {
			isa = XCBuildConfiguration;
			buildSettings = {
				ASSETCATALOG_COMPILER_APPICON_NAME = AppIcon;
				INFOPLIST_FILE = ReplayKitDemo/Info.plist;
				LD_RUNPATH_SEARCH_PATHS = "$(inherited) @executable_path/Frameworks";
				PRODUCT_BUNDLE_IDENTIFIER = com.nkapp.ReplayKitDemo;
				PRODUCT_NAME = "$(TARGET_NAME)";
			};
			name = Release;
		};
/* End XCBuildConfiguration section */

/* Begin XCConfigurationList section */
		12A380731C8732A000304B0B /* Build configuration list for PBXProject "ReplayKitDemo" */ = {
			isa = XCConfigurationList;
			buildConfigurations = (
				12A380881C8732A000304B0B /* Debug */,
				12A380891C8732A000304B0B /* Release */,
			);
			defaultConfigurationIsVisible = 0;
			defaultConfigurationName = Release;
		};
		12A3808A1C8732A000304B0B /* Build configuration list for PBXNativeTarget "ReplayKitDemo" */ = {
			isa = XCConfigurationList;
			buildConfigurations = (
				12A3808B1C8732A000304B0B /* Debug */,
				12A3808C1C8732A000304B0B /* Release */,
			);
			defaultConfigurationIsVisible = 0;
		};
/* End XCConfigurationList section */
	};
	rootObject = 12A380701C8732A000304B0B /* Project object */;
}
