PODS:
  - RxCocoa (2.3.1):
    - RxSwift (~> 2.3.1)
  - RxSwift (2.3.1)
  - SwiftyBeaver (0.4.2)

DEPENDENCIES:
  - RxCocoa (~> 2.0)
  - RxSwift (~> 2.0)
  - SwiftyBeaver

SPEC CHECKSUMS:
  RxCocoa: a2baaf3462b989559a51dce59d78fbebb8fe0afa
  RxSwift: 829b2843e9eddc77a02cb3f5117f0d55f8f646f1
  SwiftyBeaver: 3eced9aabe4f10b975453cc1baaa2d523a5eaeae

PODFILE CHECKSUM: 6f78f9494e0e58d3fd983519167dccfb4095372c

COCOAPODS: 1.0.0.beta.6
