// !$*UTF8*$!
{
	archiveVersion = 1;
	classes = {
	};
	objectVersion = 46;
	objects = {

/* Begin PBXBuildFile section */
		122F24081C8BDE290063E5B0 /* AppDelegate.swift in Sources */ = {isa = PBXBuildFile; fileRef = 122F24071C8BDE290063E5B0 /* AppDelegate.swift */; };
		122F240A1C8BDE290063E5B0 /* MasterViewController.swift in Sources */ = {isa = PBXBuildFile; fileRef = 122F24091C8BDE290063E5B0 /* MasterViewController.swift */; };
		122F240C1C8BDE290063E5B0 /* DetailViewController.swift in Sources */ = {isa = PBXBuildFile; fileRef = 122F240B1C8BDE290063E5B0 /* DetailViewController.swift */; };
		122F240F1C8BDE290063E5B0 /* Main.storyboard in Resources */ = {isa = PBXBuildFile; fileRef = 122F240D1C8BDE290063E5B0 /* Main.storyboard */; };
		122F24111C8BDE290063E5B0 /* Assets.xcassets in Resources */ = {isa = PBXBuildFile; fileRef = 122F24101C8BDE290063E5B0 /* Assets.xcassets */; };
		122F24141C8BDE290063E5B0 /* LaunchScreen.storyboard in Resources */ = {isa = PBXBuildFile; fileRef = 122F24121C8BDE290063E5B0 /* LaunchScreen.storyboard */; };
		128E3E741C906C40008DC3BC /* TodoItem.swift in Sources */ = {isa = PBXBuildFile; fileRef = 128E3E731C906C40008DC3BC /* TodoItem.swift */; };
		CED69C168182F062285F24F9 /* Pods_helloTodo_swift.framework in Frameworks */ = {isa = PBXBuildFile; fileRef = 7A1177314608BDA2C77F6857 /* Pods_helloTodo_swift.framework */; };
/* End PBXBuildFile section */

/* Begin PBXFileReference section */
		122F24041C8BDE290063E5B0 /* helloTodo-swift.app */ = {isa = PBXFileReference; explicitFileType = wrapper.application; includeInIndex = 0; path = "helloTodo-swift.app"; sourceTree = BUILT_PRODUCTS_DIR; };
		122F24071C8BDE290063E5B0 /* AppDelegate.swift */ = {isa = PBXFileReference; lastKnownFileType = sourcecode.swift; path = AppDelegate.swift; sourceTree = "<group>"; };
		122F24091C8BDE290063E5B0 /* MasterViewController.swift */ = {isa = PBXFileReference; lastKnownFileType = sourcecode.swift; path = MasterViewController.swift; sourceTree = "<group>"; };
		122F240B1C8BDE290063E5B0 /* DetailViewController.swift */ = {isa = PBXFileReference; lastKnownFileType = sourcecode.swift; path = DetailViewController.swift; sourceTree = "<group>"; };
		122F240E1C8BDE290063E5B0 /* Base */ = {isa = PBXFileReference; lastKnownFileType = file.storyboard; name = Base; path = Base.lproj/Main.storyboard; sourceTree = "<group>"; };
		122F24101C8BDE290063E5B0 /* Assets.xcassets */ = {isa = PBXFileReference; lastKnownFileType = folder.assetcatalog; path = Assets.xcassets; sourceTree = "<group>"; };
		122F24131C8BDE290063E5B0 /* Base */ = {isa = PBXFileReference; lastKnownFileType = file.storyboard; name = Base; path = Base.lproj/LaunchScreen.storyboard; sourceTree = "<group>"; };
		122F24151C8BDE290063E5B0 /* Info.plist */ = {isa = PBXFileReference; lastKnownFileType = text.plist.xml; path = Info.plist; sourceTree = "<group>"; };
		128E3E6F1C906847008DC3BC /* helloTodo-swift-Bridging-Header.h */ = {isa = PBXFileReference; lastKnownFileType = sourcecode.c.h; path = "helloTodo-swift-Bridging-Header.h"; sourceTree = "<group>"; };
		128E3E731C906C40008DC3BC /* TodoItem.swift */ = {isa = PBXFileReference; fileEncoding = 4; lastKnownFileType = sourcecode.swift; path = TodoItem.swift; sourceTree = "<group>"; };
		2993EE00E98515F8CA5F85B4 /* Pods-helloTodo-swift.debug.xcconfig */ = {isa = PBXFileReference; includeInIndex = 1; lastKnownFileType = text.xcconfig; name = "Pods-helloTodo-swift.debug.xcconfig"; path = "Pods/Target Support Files/Pods-helloTodo-swift/Pods-helloTodo-swift.debug.xcconfig"; sourceTree = "<group>"; };
		29B722654161C8B65E3B6230 /* Pods-helloTodo-swift.release.xcconfig */ = {isa = PBXFileReference; includeInIndex = 1; lastKnownFileType = text.xcconfig; name = "Pods-helloTodo-swift.release.xcconfig"; path = "Pods/Target Support Files/Pods-helloTodo-swift/Pods-helloTodo-swift.release.xcconfig"; sourceTree = "<group>"; };
		7A1177314608BDA2C77F6857 /* Pods_helloTodo_swift.framework */ = {isa = PBXFileReference; explicitFileType = wrapper.framework; includeInIndex = 0; path = Pods_helloTodo_swift.framework; sourceTree = BUILT_PRODUCTS_DIR; };
/* End PBXFileReference section */

/* Begin PBXFrameworksBuildPhase section */
		122F24011C8BDE290063E5B0 /* Frameworks */ = {
			isa = PBXFrameworksBuildPhase;
			buildActionMask = 2147483647;
			files = (
				CED69C168182F062285F24F9 /* Pods_helloTodo_swift.framework in Frameworks */,
			);
			runOnlyForDeploymentPostprocessing = 0;
		};
/* End PBXFrameworksBuildPhase section */

/* Begin PBXGroup section */
		0709491C083B387D7871CDDA /* Pods */ = {
			isa = PBXGroup;
			children = (
				2993EE00E98515F8CA5F85B4 /* Pods-helloTodo-swift.debug.xcconfig */,
				29B722654161C8B65E3B6230 /* Pods-helloTodo-swift.release.xcconfig */,
			);
			name = Pods;
			sourceTree = "<group>";
		};
		122F23FB1C8BDE290063E5B0 = {
			isa = PBXGroup;
			children = (
				122F24061C8BDE290063E5B0 /* helloTodo-swift */,
				122F24051C8BDE290063E5B0 /* Products */,
				0709491C083B387D7871CDDA /* Pods */,
				D5E8B2A0499F3CF3D1EAF1EC /* Frameworks */,
			);
			sourceTree = "<group>";
		};
		122F24051C8BDE290063E5B0 /* Products */ = {
			isa = PBXGroup;
			children = (
				122F24041C8BDE290063E5B0 /* helloTodo-swift.app */,
			);
			name = Products;
			sourceTree = "<group>";
		};
		122F24061C8BDE290063E5B0 /* helloTodo-swift */ = {
			isa = PBXGroup;
			children = (
				122F24071C8BDE290063E5B0 /* AppDelegate.swift */,
				122F24091C8BDE290063E5B0 /* MasterViewController.swift */,
				122F240B1C8BDE290063E5B0 /* DetailViewController.swift */,
				128E3E731C906C40008DC3BC /* TodoItem.swift */,
				122F240D1C8BDE290063E5B0 /* Main.storyboard */,
				122F24101C8BDE290063E5B0 /* Assets.xcassets */,
				122F24121C8BDE290063E5B0 /* LaunchScreen.storyboard */,
				122F24151C8BDE290063E5B0 /* Info.plist */,
				128E3E6F1C906847008DC3BC /* helloTodo-swift-Bridging-Header.h */,
			);
			path = "helloTodo-swift";
			sourceTree = "<group>";
		};
		D5E8B2A0499F3CF3D1EAF1EC /* Frameworks */ = {
			isa = PBXGroup;
			children = (
				7A1177314608BDA2C77F6857 /* Pods_helloTodo_swift.framework */,
			);
			name = Frameworks;
			sourceTree = "<group>";
		};
/* End PBXGroup section */

/* Begin PBXNativeTarget section */
		122F24031C8BDE290063E5B0 /* helloTodo-swift */ = {
			isa = PBXNativeTarget;
			buildConfigurationList = 122F24181C8BDE290063E5B0 /* Build configuration list for PBXNativeTarget "helloTodo-swift" */;
			buildPhases = (
				EFA8A8D09ECF1D10BA060820 /* Check Pods Manifest.lock */,
				122F24001C8BDE290063E5B0 /* Sources */,
				122F24011C8BDE290063E5B0 /* Frameworks */,
				122F24021C8BDE290063E5B0 /* Resources */,
				430F8C981129628E33713F1E /* Embed Pods Frameworks */,
				F19EC7E08CD34DC612018178 /* Copy Pods Resources */,
			);
			buildRules = (
			);
			dependencies = (
			);
			name = "helloTodo-swift";
			productName = "helloTodo-swift";
			productReference = 122F24041C8BDE290063E5B0 /* helloTodo-swift.app */;
			productType = "com.apple.product-type.application";
		};
/* End PBXNativeTarget section */

/* Begin PBXProject section */
		122F23FC1C8BDE290063E5B0 /* Project object */ = {
			isa = PBXProject;
			attributes = {
				LastSwiftUpdateCheck = 0720;
				LastUpgradeCheck = 0720;
				ORGANIZATIONNAME = "Naoki Tsutsui";
				TargetAttributes = {
					122F24031C8BDE290063E5B0 = {
						CreatedOnToolsVersion = 7.2.1;
					};
				};
			};
			buildConfigurationList = 122F23FF1C8BDE290063E5B0 /* Build configuration list for PBXProject "helloTodo-swift" */;
			compatibilityVersion = "Xcode 3.2";
			developmentRegion = English;
			hasScannedForEncodings = 0;
			knownRegions = (
				en,
				Base,
			);
			mainGroup = 122F23FB1C8BDE290063E5B0;
			productRefGroup = 122F24051C8BDE290063E5B0 /* Products */;
			projectDirPath = "";
			projectRoot = "";
			targets = (
				122F24031C8BDE290063E5B0 /* helloTodo-swift */,
			);
		};
/* End PBXProject section */

/* Begin PBXResourcesBuildPhase section */
		122F24021C8BDE290063E5B0 /* Resources */ = {
			isa = PBXResourcesBuildPhase;
			buildActionMask = 2147483647;
			files = (
				122F24141C8BDE290063E5B0 /* LaunchScreen.storyboard in Resources */,
				122F24111C8BDE290063E5B0 /* Assets.xcassets in Resources */,
				122F240F1C8BDE290063E5B0 /* Main.storyboard in Resources */,
			);
			runOnlyForDeploymentPostprocessing = 0;
		};
/* End PBXResourcesBuildPhase section */

/* Begin PBXShellScriptBuildPhase section */
		430F8C981129628E33713F1E /* Embed Pods Frameworks */ = {
			isa = PBXShellScriptBuildPhase;
			buildActionMask = 2147483647;
			files = (
			);
			inputPaths = (
			);
			name = "Embed Pods Frameworks";
			outputPaths = (
			);
			runOnlyForDeploymentPostprocessing = 0;
			shellPath = /bin/sh;
			shellScript = "\"${SRCROOT}/Pods/Target Support Files/Pods-helloTodo-swift/Pods-helloTodo-swift-frameworks.sh\"\n";
			showEnvVarsInLog = 0;
		};
		EFA8A8D09ECF1D10BA060820 /* Check Pods Manifest.lock */ = {
			isa = PBXShellScriptBuildPhase;
			buildActionMask = 2147483647;
			files = (
			);
			inputPaths = (
			);
			name = "Check Pods Manifest.lock";
			outputPaths = (
			);
			runOnlyForDeploymentPostprocessing = 0;
			shellPath = /bin/sh;
			shellScript = "diff \"${PODS_ROOT}/../Podfile.lock\" \"${PODS_ROOT}/Manifest.lock\" > /dev/null\nif [[ $? != 0 ]] ; then\n    cat << EOM\nerror: The sandbox is not in sync with the Podfile.lock. Run 'pod install' or update your CocoaPods installation.\nEOM\n    exit 1\nfi\n";
			showEnvVarsInLog = 0;
		};
		F19EC7E08CD34DC612018178 /* Copy Pods Resources */ = {
			isa = PBXShellScriptBuildPhase;
			buildActionMask = 2147483647;
			files = (
			);
			inputPaths = (
			);
			name = "Copy Pods Resources";
			outputPaths = (
			);
			runOnlyForDeploymentPostprocessing = 0;
			shellPath = /bin/sh;
			shellScript = "\"${SRCROOT}/Pods/Target Support Files/Pods-helloTodo-swift/Pods-helloTodo-swift-resources.sh\"\n";
			showEnvVarsInLog = 0;
		};
/* End PBXShellScriptBuildPhase section */

/* Begin PBXSourcesBuildPhase section */
		122F24001C8BDE290063E5B0 /* Sources */ = {
			isa = PBXSourcesBuildPhase;
			buildActionMask = 2147483647;
			files = (
				122F240C1C8BDE290063E5B0 /* DetailViewController.swift in Sources */,
				122F240A1C8BDE290063E5B0 /* MasterViewController.swift in Sources */,
				128E3E741C906C40008DC3BC /* TodoItem.swift in Sources */,
				122F24081C8BDE290063E5B0 /* AppDelegate.swift in Sources */,
			);
			runOnlyForDeploymentPostprocessing = 0;
		};
/* End PBXSourcesBuildPhase section */

/* Begin PBXVariantGroup section */
		122F240D1C8BDE290063E5B0 /* Main.storyboard */ = {
			isa = PBXVariantGroup;
			children = (
				122F240E1C8BDE290063E5B0 /* Base */,
			);
			name = Main.storyboard;
			sourceTree = "<group>";
		};
		122F24121C8BDE290063E5B0 /* LaunchScreen.storyboard */ = {
			isa = PBXVariantGroup;
			children = (
				122F24131C8BDE290063E5B0 /* Base */,
			);
			name = LaunchScreen.storyboard;
			sourceTree = "<group>";
		};
/* End PBXVariantGroup section */

/* Begin XCBuildConfiguration section */
		122F24161C8BDE290063E5B0 /* Debug */ = {
			isa = XCBuildConfiguration;
			buildSettings = {
				ALWAYS_SEARCH_USER_PATHS = NO;
				CLANG_CXX_LANGUAGE_STANDARD = "gnu++0x";
				CLANG_CXX_LIBRARY = "libc++";
				CLANG_ENABLE_MODULES = YES;
				CLANG_ENABLE_OBJC_ARC = YES;
				CLANG_WARN_BOOL_CONVERSION = YES;
				CLANG_WARN_CONSTANT_CONVERSION = YES;
				CLANG_WARN_DIRECT_OBJC_ISA_USAGE = YES_ERROR;
				CLANG_WARN_EMPTY_BODY = YES;
				CLANG_WARN_ENUM_CONVERSION = YES;
				CLANG_WARN_INT_CONVERSION = YES;
				CLANG_WARN_OBJC_ROOT_CLASS = YES_ERROR;
				CLANG_WARN_UNREACHABLE_CODE = YES;
				CLANG_WARN__DUPLICATE_METHOD_MATCH = YES;
				"CODE_SIGN_IDENTITY[sdk=iphoneos*]" = "iPhone Developer";
				COPY_PHASE_STRIP = NO;
				DEBUG_INFORMATION_FORMAT = dwarf;
				ENABLE_STRICT_OBJC_MSGSEND = YES;
				ENABLE_TESTABILITY = YES;
				GCC_C_LANGUAGE_STANDARD = gnu99;
				GCC_DYNAMIC_NO_PIC = NO;
				GCC_NO_COMMON_BLOCKS = YES;
				GCC_OPTIMIZATION_LEVEL = 0;
				GCC_PREPROCESSOR_DEFINITIONS = (
					"DEBUG=1",
					"$(inherited)",
				);
				GCC_WARN_64_TO_32_BIT_CONVERSION = YES;
				GCC_WARN_ABOUT_RETURN_TYPE = YES_ERROR;
				GCC_WARN_UNDECLARED_SELECTOR = YES;
				GCC_WARN_UNINITIALIZED_AUTOS = YES_AGGRESSIVE;
				GCC_WARN_UNUSED_FUNCTION = YES;
				GCC_WARN_UNUSED_VARIABLE = YES;
				IPHONEOS_DEPLOYMENT_TARGET = 9.2;
				MTL_ENABLE_DEBUG_INFO = YES;
				ONLY_ACTIVE_ARCH = YES;
				SDKROOT = iphoneos;
				SWIFT_OPTIMIZATION_LEVEL = "-Onone";
			};
			name = Debug;
		};
		122F24171C8BDE290063E5B0 /* Release */ = {
			isa = XCBuildConfiguration;
			buildSettings = {
				ALWAYS_SEARCH_USER_PATHS = NO;
				CLANG_CXX_LANGUAGE_STANDARD = "gnu++0x";
				CLANG_CXX_LIBRARY = "libc++";
				CLANG_ENABLE_MODULES = YES;
				CLANG_ENABLE_OBJC_ARC = YES;
				CLANG_WARN_BOOL_CONVERSION = YES;
				CLANG_WARN_CONSTANT_CONVERSION = YES;
				CLANG_WARN_DIRECT_OBJC_ISA_USAGE = YES_ERROR;
				CLANG_WARN_EMPTY_BODY = YES;
				CLANG_WARN_ENUM_CONVERSION = YES;
				CLANG_WARN_INT_CONVERSION = YES;
				CLANG_WARN_OBJC_ROOT_CLASS = YES_ERROR;
				CLANG_WARN_UNREACHABLE_CODE = YES;
				CLANG_WARN__DUPLICATE_METHOD_MATCH = YES;
				"CODE_SIGN_IDENTITY[sdk=iphoneos*]" = "iPhone Developer";
				COPY_PHASE_STRIP = NO;
				DEBUG_INFORMATION_FORMAT = "dwarf-with-dsym";
				ENABLE_NS_ASSERTIONS = NO;
				ENABLE_STRICT_OBJC_MSGSEND = YES;
				GCC_C_LANGUAGE_STANDARD = gnu99;
				GCC_NO_COMMON_BLOCKS = YES;
				GCC_WARN_64_TO_32_BIT_CONVERSION = YES;
				GCC_WARN_ABOUT_RETURN_TYPE = YES_ERROR;
				GCC_WARN_UNDECLARED_SELECTOR = YES;
				GCC_WARN_UNINITIALIZED_AUTOS = YES_AGGRESSIVE;
				GCC_WARN_UNUSED_FUNCTION = YES;
				GCC_WARN_UNUSED_VARIABLE = YES;
				IPHONEOS_DEPLOYMENT_TARGET = 9.2;
				MTL_ENABLE_DEBUG_INFO = NO;
				SDKROOT = iphoneos;
				VALIDATE_PRODUCT = YES;
			};
			name = Release;
		};
		122F24191C8BDE290063E5B0 /* Debug */ = {
			isa = XCBuildConfiguration;
			baseConfigurationReference = 2993EE00E98515F8CA5F85B4 /* Pods-helloTodo-swift.debug.xcconfig */;
			buildSettings = {
				ASSETCATALOG_COMPILER_APPICON_NAME = AppIcon;
				CLANG_ENABLE_MODULES = YES;
				INFOPLIST_FILE = "helloTodo-swift/Info.plist";
				LD_RUNPATH_SEARCH_PATHS = "$(inherited) @executable_path/Frameworks";
				PRODUCT_BUNDLE_IDENTIFIER = "com.nkapp.helloTodo-swift";
				PRODUCT_NAME = "$(TARGET_NAME)";
				SWIFT_OBJC_BRIDGING_HEADER = "helloTodo-swift/helloTodo-swift-Bridging-Header.h";
				SWIFT_OPTIMIZATION_LEVEL = "-Onone";
			};
			name = Debug;
		};
		122F241A1C8BDE290063E5B0 /* Release */ = {
			isa = XCBuildConfiguration;
			baseConfigurationReference = 29B722654161C8B65E3B6230 /* Pods-helloTodo-swift.release.xcconfig */;
			buildSettings = {
				ASSETCATALOG_COMPILER_APPICON_NAME = AppIcon;
				CLANG_ENABLE_MODULES = YES;
				INFOPLIST_FILE = "helloTodo-swift/Info.plist";
				LD_RUNPATH_SEARCH_PATHS = "$(inherited) @executable_path/Frameworks";
				PRODUCT_BUNDLE_IDENTIFIER = "com.nkapp.helloTodo-swift";
				PRODUCT_NAME = "$(TARGET_NAME)";
				SWIFT_OBJC_BRIDGING_HEADER = "helloTodo-swift/helloTodo-swift-Bridging-Header.h";
			};
			name = Release;
		};
/* End XCBuildConfiguration section */

/* Begin XCConfigurationList section */
		122F23FF1C8BDE290063E5B0 /* Build configuration list for PBXProject "helloTodo-swift" */ = {
			isa = XCConfigurationList;
			buildConfigurations = (
				122F24161C8BDE290063E5B0 /* Debug */,
				122F24171C8BDE290063E5B0 /* Release */,
			);
			defaultConfigurationIsVisible = 0;
			defaultConfigurationName = Release;
		};
		122F24181C8BDE290063E5B0 /* Build configuration list for PBXNativeTarget "helloTodo-swift" */ = {
			isa = XCConfigurationList;
			buildConfigurations = (
				122F24191C8BDE290063E5B0 /* Debug */,
				122F241A1C8BDE290063E5B0 /* Release */,
			);
			defaultConfigurationIsVisible = 0;
			defaultConfigurationName = Release;
		};
/* End XCConfigurationList section */
	};
	rootObject = 122F23FC1C8BDE290063E5B0 /* Project object */;
}
